// !$*UTF8*$!
{
	archiveVersion = 1;
	classes = {
	};
	objectVersion = 46;
	objects = {

/* Begin PBXBuildFile section */
		3560D8F81BD33CD0006603FE /* AppDelegate.swift in Sources */ = {isa = PBXBuildFile; fileRef = 3560D8F71BD33CD0006603FE /* AppDelegate.swift */; };
		3560D8FA1BD33CD0006603FE /* ViewController.swift in Sources */ = {isa = PBXBuildFile; fileRef = 3560D8F91BD33CD0006603FE /* ViewController.swift */; };
		3560D8FD1BD33CD0006603FE /* Main.storyboard in Resources */ = {isa = PBXBuildFile; fileRef = 3560D8FB1BD33CD0006603FE /* Main.storyboard */; };
		3560D8FF1BD33CD0006603FE /* Assets.xcassets in Resources */ = {isa = PBXBuildFile; fileRef = 3560D8FE1BD33CD0006603FE /* Assets.xcassets */; };
		3560D9021BD33CD0006603FE /* LaunchScreen.storyboard in Resources */ = {isa = PBXBuildFile; fileRef = 3560D9001BD33CD0006603FE /* LaunchScreen.storyboard */; };
/* End PBXBuildFile section */

/* Begin PBXFileReference section */
		3560D8F41BD33CD0006603FE /* iADs.app */ = {isa = PBXFileReference; explicitFileType = wrapper.application; includeInIndex = 0; path = iADs.app; sourceTree = BUILT_PRODUCTS_DIR; };
		3560D8F71BD33CD0006603FE /* AppDelegate.swift */ = {isa = PBXFileReference; lastKnownFileType = sourcecode.swift; path = AppDelegate.swift; sourceTree = "<group>"; };
		3560D8F91BD33CD0006603FE /* ViewController.swift */ = {isa = PBXFileReference; lastKnownFileType = sourcecode.swift; path = ViewController.swift; sourceTree = "<group>"; };
		3560D8FC1BD33CD0006603FE /* Base */ = {isa = PBXFileReference; lastKnownFileType = file.storyboard; name = Base; path = Base.lproj/Main.storyboard; sourceTree = "<group>"; };
		3560D8FE1BD33CD0006603FE /* Assets.xcassets */ = {isa = PBXFileReference; lastKnownFileType = folder.assetcatalog; path = Assets.xcassets; sourceTree = "<group>"; };
		3560D9011BD33CD0006603FE /* Base */ = {isa = PBXFileReference; lastKnownFileType = file.storyboard; name = Base; path = Base.lproj/LaunchScreen.storyboard; sourceTree = "<group>"; };
		3560D9031BD33CD0006603FE /* Info.plist */ = {isa = PBXFileReference; lastKnownFileType = text.plist.xml; path = Info.plist; sourceTree = "<group>"; };
/* End PBXFileReference section */

/* Begin PBXFrameworksBuildPhase section */
		3560D8F11BD33CD0006603FE /* Frameworks */ = {
			isa = PBXFrameworksBuildPhase;
			buildActionMask = 2147483647;
			files = (
			);
			runOnlyForDeploymentPostprocessing = 0;
		};
/* End PBXFrameworksBuildPhase section */

/* Begin PBXGroup section */
		3560D8EB1BD33CD0006603FE = {
			isa = PBXGroup;
			children = (
				3560D8F61BD33CD0006603FE /* iADs */,
				3560D8F51BD33CD0006603FE /* Products */,
			);
			sourceTree = "<group>";
		};
		3560D8F51BD33CD0006603FE /* Products */ = {
			isa = PBXGroup;
			children = (
				3560D8F41BD33CD0006603FE /* iADs.app */,
			);
			name = Products;
			sourceTree = "<group>";
		};
		3560D8F61BD33CD0006603FE /* iADs */ = {
			isa = PBXGroup;
			children = (
				3560D8F71BD33CD0006603FE /* AppDelegate.swift */,
				3560D8F91BD33CD0006603FE /* ViewController.swift */,
				3560D8FB1BD33CD0006603FE /* Main.storyboard */,
				3560D8FE1BD33CD0006603FE /* Assets.xcassets */,
				3560D9001BD33CD0006603FE /* LaunchScreen.storyboard */,
				3560D9031BD33CD0006603FE /* Info.plist */,
			);
			path = iADs;
			sourceTree = "<group>";
		};
/* End PBXGroup section */

/* Begin PBXNativeTarget section */
		3560D8F31BD33CD0006603FE /* iADs */ = {
			isa = PBXNativeTarget;
			buildConfigurationList = 3560D9061BD33CD0006603FE /* Build configuration list for PBXNativeTarget "iADs" */;
			buildPhases = (
				3560D8F01BD33CD0006603FE /* Sources */,
				3560D8F11BD33CD0006603FE /* Frameworks */,
				3560D8F21BD33CD0006603FE /* Resources */,
			);
			buildRules = (
			);
			dependencies = (
			);
			name = iADs;
			productName = iADs;
			productReference = 3560D8F41BD33CD0006603FE /* iADs.app */;
			productType = "com.apple.product-type.application";
		};
/* End PBXNativeTarget section */

/* Begin PBXProject section */
		3560D8EC1BD33CD0006603FE /* Project object */ = {
			isa = PBXProject;
			attributes = {
				LastSwiftUpdateCheck = 0710;
				LastUpgradeCheck = 0710;
				ORGANIZATIONNAME = "Siddhant Pagariya";
				TargetAttributes = {
					3560D8F31BD33CD0006603FE = {
						CreatedOnToolsVersion = 7.1;
						DevelopmentTeam = SSV6R6F4FH;
					};
				};
			};
			buildConfigurationList = 3560D8EF1BD33CD0006603FE /* Build configuration list for PBXProject "iADs" */;
			compatibilityVersion = "Xcode 3.2";
			developmentRegion = English;
			hasScannedForEncodings = 0;
			knownRegions = (
				en,
				Base,
			);
			mainGroup = 3560D8EB1BD33CD0006603FE;
			productRefGroup = 3560D8F51BD33CD0006603FE /* Products */;
			projectDirPath = "";
			projectRoot = "";
			targets = (
				3560D8F31BD33CD0006603FE /* iADs */,
			);
		};
/* End PBXProject section */

/* Begin PBXResourcesBuildPhase section */
		3560D8F21BD33CD0006603FE /* Resources */ = {
			isa = PBXResourcesBuildPhase;
			buildActionMask = 2147483647;
			files = (
				3560D9021BD33CD0006603FE /* LaunchScreen.storyboard in Resources */,
				3560D8FF1BD33CD0006603FE /* Assets.xcassets in Resources */,
				3560D8FD1BD33CD0006603FE /* Main.storyboard in Resources */,
			);
			runOnlyForDeploymentPostprocessing = 0;
		};
/* End PBXResourcesBuildPhase section */

/* Begin PBXSourcesBuildPhase section */
		3560D8F01BD33CD0006603FE /* Sources */ = {
			isa = PBXSourcesBuildPhase;
			buildActionMask = 2147483647;
			files = (
				3560D8FA1BD33CD0006603FE /* ViewController.swift in Sources */,
				3560D8F81BD33CD0006603FE /* AppDelegate.swift in Sources */,
			);
			runOnlyForDeploymentPostprocessing = 0;
		};
/* End PBXSourcesBuildPhase section */

/* Begin PBXVariantGroup section */
		3560D8FB1BD33CD0006603FE /* Main.storyboard */ = {
			isa = PBXVariantGroup;
			children = (
				3560D8FC1BD33CD0006603FE /* Base */,
			);
			name = Main.storyboard;
			sourceTree = "<group>";
		};
		3560D9001BD33CD0006603FE /* LaunchScreen.storyboard */ = {
			isa = PBXVariantGroup;
			children = (
				3560D9011BD33CD0006603FE /* Base */,
			);
			name = LaunchScreen.storyboard;
			sourceTree = "<group>";
		};
/* End PBXVariantGroup section */

/* Begin XCBuildConfiguration section */
		3560D9041BD33CD0006603FE /* Debug */ = {
			isa = XCBuildConfiguration;
			buildSettings = {
				ALWAYS_SEARCH_USER_PATHS = NO;
				CLANG_CXX_LANGUAGE_STANDARD = "gnu++0x";
				CLANG_CXX_LIBRARY = "libc++";
				CLANG_ENABLE_MODULES = YES;
				CLANG_ENABLE_OBJC_ARC = YES;
				CLANG_WARN_BOOL_CONVERSION = YES;
				CLANG_WARN_CONSTANT_CONVERSION = YES;
				CLANG_WARN_DIRECT_OBJC_ISA_USAGE = YES_ERROR;
				CLANG_WARN_EMPTY_BODY = YES;
				CLANG_WARN_ENUM_CONVERSION = YES;
				CLANG_WARN_INT_CONVERSION = YES;
				CLANG_WARN_OBJC_ROOT_CLASS = YES_ERROR;
				CLANG_WARN_UNREACHABLE_CODE = YES;
				CLANG_WARN__DUPLICATE_METHOD_MATCH = YES;
				"CODE_SIGN_IDENTITY[sdk=iphoneos*]" = "iPhone Developer";
				COPY_PHASE_STRIP = NO;
				DEBUG_INFORMATION_FORMAT = dwarf;
				ENABLE_STRICT_OBJC_MSGSEND = YES;
				ENABLE_TESTABILITY = YES;
				GCC_C_LANGUAGE_STANDARD = gnu99;
				GCC_DYNAMIC_NO_PIC = NO;
				GCC_NO_COMMON_BLOCKS = YES;
				GCC_OPTIMIZATION_LEVEL = 0;
				GCC_PREPROCESSOR_DEFINITIONS = (
					"DEBUG=1",
					"$(inherited)",
				);
				GCC_WARN_64_TO_32_BIT_CONVERSION = YES;
				GCC_WARN_ABOUT_RETURN_TYPE = YES_ERROR;
				GCC_WARN_UNDECLARED_SELECTOR = YES;
				GCC_WARN_UNINITIALIZED_AUTOS = YES_AGGRESSIVE;
				GCC_WARN_UNUSED_FUNCTION = YES;
				GCC_WARN_UNUSED_VARIABLE = YES;
				IPHONEOS_DEPLOYMENT_TARGET = 9.1;
				MTL_ENABLE_DEBUG_INFO = YES;
				ONLY_ACTIVE_ARCH = YES;
				SDKROOT = iphoneos;
				SWIFT_OPTIMIZATION_LEVEL = "-Onone";
				TARGETED_DEVICE_FAMILY = "1,2";
			};
			name = Debug;
		};
		3560D9051BD33CD0006603FE /* Release */ = {
			isa = XCBuildConfiguration;
			buildSettings = {
				ALWAYS_SEARCH_USER_PATHS = NO;
				CLANG_CXX_LANGUAGE_STANDARD = "gnu++0x";
				CLANG_CXX_LIBRARY = "libc++";
				CLANG_ENABLE_MODULES = YES;
				CLANG_ENABLE_OBJC_ARC = YES;
				CLANG_WARN_BOOL_CONVERSION = YES;
				CLANG_WARN_CONSTANT_CONVERSION = YES;
				CLANG_WARN_DIRECT_OBJC_ISA_USAGE = YES_ERROR;
				CLANG_WARN_EMPTY_BODY = YES;
				CLANG_WARN_ENUM_CONVERSION = YES;
				CLANG_WARN_INT_CONVERSION = YES;
				CLANG_WARN_OBJC_ROOT_CLASS = YES_ERROR;
				CLANG_WARN_UNREACHABLE_CODE = YES;
				CLANG_WARN__DUPLICATE_METHOD_MATCH = YES;
				"CODE_SIGN_IDENTITY[sdk=iphoneos*]" = "iPhone Developer";
				COPY_PHASE_STRIP = NO;
				DEBUG_INFORMATION_FORMAT = "dwarf-with-dsym";
				ENABLE_NS_ASSERTIONS = NO;
				ENABLE_STRICT_OBJC_MSGSEND = YES;
				GCC_C_LANGUAGE_STANDARD = gnu99;
				GCC_NO_COMMON_BLOCKS = YES;
				GCC_WARN_64_TO_32_BIT_CONVERSION = YES;
				GCC_WARN_ABOUT_RETURN_TYPE = YES_ERROR;
				GCC_WARN_UNDECLARED_SELECTOR = YES;
				GCC_WARN_UNINITIALIZED_AUTOS = YES_AGGRESSIVE;
				GCC_WARN_UNUSED_FUNCTION = YES;
				GCC_WARN_UNUSED_VARIABLE = YES;
				IPHONEOS_DEPLOYMENT_TARGET = 9.1;
				MTL_ENABLE_DEBUG_INFO = NO;
				SDKROOT = iphoneos;
				TARGETED_DEVICE_FAMILY = "1,2";
				VALIDATE_PRODUCT = YES;
			};
			name = Release;
		};
		3560D9071BD33CD0006603FE /* Debug */ = {
			isa = XCBuildConfiguration;
			buildSettings = {
				ASSETCATALOG_COMPILER_APPICON_NAME = AppIcon;
				ASSETCATALOG_COMPILER_LAUNCHIMAGE_NAME = "Brand Assets";
				CODE_SIGN_IDENTITY = "iPhone Developer";
				"CODE_SIGN_IDENTITY[sdk=iphoneos*]" = "iPhone Developer";
				INFOPLIST_FILE = iADs/Info.plist;
				IPHONEOS_DEPLOYMENT_TARGET = 7.1;
				LD_RUNPATH_SEARCH_PATHS = "$(inherited) @executable_path/Frameworks";
				PRODUCT_BUNDLE_IDENTIFIER = com.sid.iADs;
				PRODUCT_NAME = "$(TARGET_NAME)";
				PROVISIONING_PROFILE = "";
			};
			name = Debug;
		};
		3560D9081BD33CD0006603FE /* Release */ = {
			isa = XCBuildConfiguration;
			buildSettings = {
				ASSETCATALOG_COMPILER_APPICON_NAME = AppIcon;
				ASSETCATALOG_COMPILER_LAUNCHIMAGE_NAME = "Brand Assets";
				CODE_SIGN_IDENTITY = "iPhone Developer";
				"CODE_SIGN_IDENTITY[sdk=iphoneos*]" = "iPhone Developer";
				INFOPLIST_FILE = iADs/Info.plist;
				IPHONEOS_DEPLOYMENT_TARGET = 7.1;
				LD_RUNPATH_SEARCH_PATHS = "$(inherited) @executable_path/Frameworks";
				PRODUCT_BUNDLE_IDENTIFIER = com.sid.iADs;
				PRODUCT_NAME = "$(TARGET_NAME)";
				PROVISIONING_PROFILE = "";
			};
			name = Release;
		};
/* End XCBuildConfiguration section */

/* Begin XCConfigurationList section */
		3560D8EF1BD33CD0006603FE /* Build configuration list for PBXProject "iADs" */ = {
			isa = XCConfigurationList;
			buildConfigurations = (
				3560D9041BD33CD0006603FE /* Debug */,
				3560D9051BD33CD0006603FE /* Release */,
			);
			defaultConfigurationIsVisible = 0;
			defaultConfigurationName = Release;
		};
		3560D9061BD33CD0006603FE /* Build configuration list for PBXNativeTarget "iADs" */ = {
			isa = XCConfigurationList;
			buildConfigurations = (
				3560D9071BD33CD0006603FE /* Debug */,
				3560D9081BD33CD0006603FE /* Release */,
			);
			defaultConfigurationIsVisible = 0;
			defaultConfigurationName = Release;
		};
/* End XCConfigurationList section */
	};
	rootObject = 3560D8EC1BD33CD0006603FE /* Project object */;
}
