// !$*UTF8*$!
{
	archiveVersion = 1;
	classes = {
	};
	objectVersion = 46;
	objects = {

/* Begin PBXBuildFile section */
		357F86451B67CC4D002D5595 /* AppDelegate.swift in Sources */ = {isa = PBXBuildFile; fileRef = 357F86441B67CC4D002D5595 /* AppDelegate.swift */; };
		357F86471B67CC4D002D5595 /* ViewController.swift in Sources */ = {isa = PBXBuildFile; fileRef = 357F86461B67CC4D002D5595 /* ViewController.swift */; };
		357F864A1B67CC4D002D5595 /* Main.storyboard in Resources */ = {isa = PBXBuildFile; fileRef = 357F86481B67CC4D002D5595 /* Main.storyboard */; };
		357F864C1B67CC4D002D5595 /* Assets.xcassets in Resources */ = {isa = PBXBuildFile; fileRef = 357F864B1B67CC4D002D5595 /* Assets.xcassets */; };
		357F864F1B67CC4D002D5595 /* LaunchScreen.storyboard in Resources */ = {isa = PBXBuildFile; fileRef = 357F864D1B67CC4D002D5595 /* LaunchScreen.storyboard */; };
/* End PBXBuildFile section */

/* Begin PBXFileReference section */
		357F86411B67CC4D002D5595 /* Dial Pad.app */ = {isa = PBXFileReference; explicitFileType = wrapper.application; includeInIndex = 0; path = "Dial Pad.app"; sourceTree = BUILT_PRODUCTS_DIR; };
		357F86441B67CC4D002D5595 /* AppDelegate.swift */ = {isa = PBXFileReference; lastKnownFileType = sourcecode.swift; path = AppDelegate.swift; sourceTree = "<group>"; };
		357F86461B67CC4D002D5595 /* ViewController.swift */ = {isa = PBXFileReference; lastKnownFileType = sourcecode.swift; path = ViewController.swift; sourceTree = "<group>"; };
		357F86491B67CC4D002D5595 /* Base */ = {isa = PBXFileReference; lastKnownFileType = file.storyboard; name = Base; path = Base.lproj/Main.storyboard; sourceTree = "<group>"; };
		357F864B1B67CC4D002D5595 /* Assets.xcassets */ = {isa = PBXFileReference; lastKnownFileType = folder.assetcatalog; path = Assets.xcassets; sourceTree = "<group>"; };
		357F864E1B67CC4D002D5595 /* Base */ = {isa = PBXFileReference; lastKnownFileType = file.storyboard; name = Base; path = Base.lproj/LaunchScreen.storyboard; sourceTree = "<group>"; };
		357F86501B67CC4D002D5595 /* Info.plist */ = {isa = PBXFileReference; lastKnownFileType = text.plist.xml; path = Info.plist; sourceTree = "<group>"; };
/* End PBXFileReference section */

/* Begin PBXFrameworksBuildPhase section */
		357F863E1B67CC4D002D5595 /* Frameworks */ = {
			isa = PBXFrameworksBuildPhase;
			buildActionMask = 2147483647;
			files = (
			);
			runOnlyForDeploymentPostprocessing = 0;
		};
/* End PBXFrameworksBuildPhase section */

/* Begin PBXGroup section */
		357F86381B67CC4D002D5595 = {
			isa = PBXGroup;
			children = (
				357F86431B67CC4D002D5595 /* Dial Pad */,
				357F86421B67CC4D002D5595 /* Products */,
			);
			sourceTree = "<group>";
		};
		357F86421B67CC4D002D5595 /* Products */ = {
			isa = PBXGroup;
			children = (
				357F86411B67CC4D002D5595 /* Dial Pad.app */,
			);
			name = Products;
			sourceTree = "<group>";
		};
		357F86431B67CC4D002D5595 /* Dial Pad */ = {
			isa = PBXGroup;
			children = (
				357F86441B67CC4D002D5595 /* AppDelegate.swift */,
				357F86461B67CC4D002D5595 /* ViewController.swift */,
				357F86481B67CC4D002D5595 /* Main.storyboard */,
				357F864B1B67CC4D002D5595 /* Assets.xcassets */,
				357F864D1B67CC4D002D5595 /* LaunchScreen.storyboard */,
				357F86501B67CC4D002D5595 /* Info.plist */,
			);
			path = "Dial Pad";
			sourceTree = "<group>";
		};
/* End PBXGroup section */

/* Begin PBXNativeTarget section */
		357F86401B67CC4D002D5595 /* Dial Pad */ = {
			isa = PBXNativeTarget;
			buildConfigurationList = 357F86531B67CC4D002D5595 /* Build configuration list for PBXNativeTarget "Dial Pad" */;
			buildPhases = (
				357F863D1B67CC4D002D5595 /* Sources */,
				357F863E1B67CC4D002D5595 /* Frameworks */,
				357F863F1B67CC4D002D5595 /* Resources */,
			);
			buildRules = (
			);
			dependencies = (
			);
			name = "Dial Pad";
			productName = "Dial Pad";
			productReference = 357F86411B67CC4D002D5595 /* Dial Pad.app */;
			productType = "com.apple.product-type.application";
		};
/* End PBXNativeTarget section */

/* Begin PBXProject section */
		357F86391B67CC4D002D5595 /* Project object */ = {
			isa = PBXProject;
			attributes = {
				LastUpgradeCheck = 0700;
				ORGANIZATIONNAME = "Siddhant Pagariya";
				TargetAttributes = {
					357F86401B67CC4D002D5595 = {
						CreatedOnToolsVersion = 7.0;
					};
				};
			};
			buildConfigurationList = 357F863C1B67CC4D002D5595 /* Build configuration list for PBXProject "Dial Pad" */;
			compatibilityVersion = "Xcode 3.2";
			developmentRegion = English;
			hasScannedForEncodings = 0;
			knownRegions = (
				en,
				Base,
			);
			mainGroup = 357F86381B67CC4D002D5595;
			productRefGroup = 357F86421B67CC4D002D5595 /* Products */;
			projectDirPath = "";
			projectRoot = "";
			targets = (
				357F86401B67CC4D002D5595 /* Dial Pad */,
			);
		};
/* End PBXProject section */

/* Begin PBXResourcesBuildPhase section */
		357F863F1B67CC4D002D5595 /* Resources */ = {
			isa = PBXResourcesBuildPhase;
			buildActionMask = 2147483647;
			files = (
				357F864F1B67CC4D002D5595 /* LaunchScreen.storyboard in Resources */,
				357F864C1B67CC4D002D5595 /* Assets.xcassets in Resources */,
				357F864A1B67CC4D002D5595 /* Main.storyboard in Resources */,
			);
			runOnlyForDeploymentPostprocessing = 0;
		};
/* End PBXResourcesBuildPhase section */

/* Begin PBXSourcesBuildPhase section */
		357F863D1B67CC4D002D5595 /* Sources */ = {
			isa = PBXSourcesBuildPhase;
			buildActionMask = 2147483647;
			files = (
				357F86471B67CC4D002D5595 /* ViewController.swift in Sources */,
				357F86451B67CC4D002D5595 /* AppDelegate.swift in Sources */,
			);
			runOnlyForDeploymentPostprocessing = 0;
		};
/* End PBXSourcesBuildPhase section */

/* Begin PBXVariantGroup section */
		357F86481B67CC4D002D5595 /* Main.storyboard */ = {
			isa = PBXVariantGroup;
			children = (
				357F86491B67CC4D002D5595 /* Base */,
			);
			name = Main.storyboard;
			sourceTree = "<group>";
		};
		357F864D1B67CC4D002D5595 /* LaunchScreen.storyboard */ = {
			isa = PBXVariantGroup;
			children = (
				357F864E1B67CC4D002D5595 /* Base */,
			);
			name = LaunchScreen.storyboard;
			sourceTree = "<group>";
		};
/* End PBXVariantGroup section */

/* Begin XCBuildConfiguration section */
		357F86511B67CC4D002D5595 /* Debug */ = {
			isa = XCBuildConfiguration;
			buildSettings = {
				ALWAYS_SEARCH_USER_PATHS = NO;
				CLANG_CXX_LANGUAGE_STANDARD = "gnu++0x";
				CLANG_CXX_LIBRARY = "libc++";
				CLANG_ENABLE_MODULES = YES;
				CLANG_ENABLE_OBJC_ARC = YES;
				CLANG_WARN_BOOL_CONVERSION = YES;
				CLANG_WARN_CONSTANT_CONVERSION = YES;
				CLANG_WARN_DIRECT_OBJC_ISA_USAGE = YES_ERROR;
				CLANG_WARN_EMPTY_BODY = YES;
				CLANG_WARN_ENUM_CONVERSION = YES;
				CLANG_WARN_INT_CONVERSION = YES;
				CLANG_WARN_OBJC_ROOT_CLASS = YES_ERROR;
				CLANG_WARN_UNREACHABLE_CODE = YES;
				CLANG_WARN__DUPLICATE_METHOD_MATCH = YES;
				"CODE_SIGN_IDENTITY[sdk=iphoneos*]" = "iPhone Developer";
				COPY_PHASE_STRIP = NO;
				DEBUG_INFORMATION_FORMAT = dwarf;
				ENABLE_STRICT_OBJC_MSGSEND = YES;
				ENABLE_TESTABILITY = YES;
				GCC_C_LANGUAGE_STANDARD = gnu99;
				GCC_DYNAMIC_NO_PIC = NO;
				GCC_NO_COMMON_BLOCKS = YES;
				GCC_OPTIMIZATION_LEVEL = 0;
				GCC_PREPROCESSOR_DEFINITIONS = (
					"DEBUG=1",
					"$(inherited)",
				);
				GCC_WARN_64_TO_32_BIT_CONVERSION = YES;
				GCC_WARN_ABOUT_RETURN_TYPE = YES_ERROR;
				GCC_WARN_UNDECLARED_SELECTOR = YES;
				GCC_WARN_UNINITIALIZED_AUTOS = YES_AGGRESSIVE;
				GCC_WARN_UNUSED_FUNCTION = YES;
				GCC_WARN_UNUSED_VARIABLE = YES;
				IPHONEOS_DEPLOYMENT_TARGET = 9.0;
				MTL_ENABLE_DEBUG_INFO = YES;
				ONLY_ACTIVE_ARCH = YES;
				SDKROOT = iphoneos;
				SWIFT_OPTIMIZATION_LEVEL = "-Onone";
				TARGETED_DEVICE_FAMILY = "1,2";
			};
			name = Debug;
		};
		357F86521B67CC4D002D5595 /* Release */ = {
			isa = XCBuildConfiguration;
			buildSettings = {
				ALWAYS_SEARCH_USER_PATHS = NO;
				CLANG_CXX_LANGUAGE_STANDARD = "gnu++0x";
				CLANG_CXX_LIBRARY = "libc++";
				CLANG_ENABLE_MODULES = YES;
				CLANG_ENABLE_OBJC_ARC = YES;
				CLANG_WARN_BOOL_CONVERSION = YES;
				CLANG_WARN_CONSTANT_CONVERSION = YES;
				CLANG_WARN_DIRECT_OBJC_ISA_USAGE = YES_ERROR;
				CLANG_WARN_EMPTY_BODY = YES;
				CLANG_WARN_ENUM_CONVERSION = YES;
				CLANG_WARN_INT_CONVERSION = YES;
				CLANG_WARN_OBJC_ROOT_CLASS = YES_ERROR;
				CLANG_WARN_UNREACHABLE_CODE = YES;
				CLANG_WARN__DUPLICATE_METHOD_MATCH = YES;
				"CODE_SIGN_IDENTITY[sdk=iphoneos*]" = "iPhone Developer";
				COPY_PHASE_STRIP = NO;
				DEBUG_INFORMATION_FORMAT = "dwarf-with-dsym";
				ENABLE_NS_ASSERTIONS = NO;
				ENABLE_STRICT_OBJC_MSGSEND = YES;
				GCC_C_LANGUAGE_STANDARD = gnu99;
				GCC_NO_COMMON_BLOCKS = YES;
				GCC_WARN_64_TO_32_BIT_CONVERSION = YES;
				GCC_WARN_ABOUT_RETURN_TYPE = YES_ERROR;
				GCC_WARN_UNDECLARED_SELECTOR = YES;
				GCC_WARN_UNINITIALIZED_AUTOS = YES_AGGRESSIVE;
				GCC_WARN_UNUSED_FUNCTION = YES;
				GCC_WARN_UNUSED_VARIABLE = YES;
				IPHONEOS_DEPLOYMENT_TARGET = 9.0;
				MTL_ENABLE_DEBUG_INFO = NO;
				SDKROOT = iphoneos;
				TARGETED_DEVICE_FAMILY = "1,2";
				VALIDATE_PRODUCT = YES;
			};
			name = Release;
		};
		357F86541B67CC4D002D5595 /* Debug */ = {
			isa = XCBuildConfiguration;
			buildSettings = {
				ASSETCATALOG_COMPILER_APPICON_NAME = AppIcon;
				INFOPLIST_FILE = "Dial Pad/Info.plist";
				LD_RUNPATH_SEARCH_PATHS = "$(inherited) @executable_path/Frameworks";
				PRODUCT_BUNDLE_IDENTIFIER = "com.sid.Dial-Pad";
				PRODUCT_NAME = "$(TARGET_NAME)";
			};
			name = Debug;
		};
		357F86551B67CC4D002D5595 /* Release */ = {
			isa = XCBuildConfiguration;
			buildSettings = {
				ASSETCATALOG_COMPILER_APPICON_NAME = AppIcon;
				INFOPLIST_FILE = "Dial Pad/Info.plist";
				LD_RUNPATH_SEARCH_PATHS = "$(inherited) @executable_path/Frameworks";
				PRODUCT_BUNDLE_IDENTIFIER = "com.sid.Dial-Pad";
				PRODUCT_NAME = "$(TARGET_NAME)";
			};
			name = Release;
		};
/* End XCBuildConfiguration section */

/* Begin XCConfigurationList section */
		357F863C1B67CC4D002D5595 /* Build configuration list for PBXProject "Dial Pad" */ = {
			isa = XCConfigurationList;
			buildConfigurations = (
				357F86511B67CC4D002D5595 /* Debug */,
				357F86521B67CC4D002D5595 /* Release */,
			);
			defaultConfigurationIsVisible = 0;
			defaultConfigurationName = Release;
		};
		357F86531B67CC4D002D5595 /* Build configuration list for PBXNativeTarget "Dial Pad" */ = {
			isa = XCConfigurationList;
			buildConfigurations = (
				357F86541B67CC4D002D5595 /* Debug */,
				357F86551B67CC4D002D5595 /* Release */,
			);
			defaultConfigurationIsVisible = 0;
		};
/* End XCConfigurationList section */
	};
	rootObject = 357F86391B67CC4D002D5595 /* Project object */;
}
