// !$*UTF8*$!
{
	archiveVersion = 1;
	classes = {
	};
	objectVersion = 46;
	objects = {

/* Begin PBXBuildFile section */
		35703D501B365F22004FB1DB /* AppDelegate.swift in Sources */ = {isa = PBXBuildFile; fileRef = 35703D4F1B365F22004FB1DB /* AppDelegate.swift */; };
		35703D521B365F22004FB1DB /* FirstViewController.swift in Sources */ = {isa = PBXBuildFile; fileRef = 35703D511B365F22004FB1DB /* FirstViewController.swift */; };
		35703D541B365F22004FB1DB /* SecondViewController.swift in Sources */ = {isa = PBXBuildFile; fileRef = 35703D531B365F22004FB1DB /* SecondViewController.swift */; };
		35703D571B365F22004FB1DB /* Main.storyboard in Resources */ = {isa = PBXBuildFile; fileRef = 35703D551B365F22004FB1DB /* Main.storyboard */; };
		35703D591B365F22004FB1DB /* Assets.xcassets in Resources */ = {isa = PBXBuildFile; fileRef = 35703D581B365F22004FB1DB /* Assets.xcassets */; };
		35703D5C1B365F22004FB1DB /* LaunchScreen.storyboard in Resources */ = {isa = PBXBuildFile; fileRef = 35703D5A1B365F22004FB1DB /* LaunchScreen.storyboard */; };
/* End PBXBuildFile section */

/* Begin PBXFileReference section */
		35703D4C1B365F22004FB1DB /* To Do List.app */ = {isa = PBXFileReference; explicitFileType = wrapper.application; includeInIndex = 0; path = "To Do List.app"; sourceTree = BUILT_PRODUCTS_DIR; };
		35703D4F1B365F22004FB1DB /* AppDelegate.swift */ = {isa = PBXFileReference; lastKnownFileType = sourcecode.swift; path = AppDelegate.swift; sourceTree = "<group>"; };
		35703D511B365F22004FB1DB /* FirstViewController.swift */ = {isa = PBXFileReference; lastKnownFileType = sourcecode.swift; path = FirstViewController.swift; sourceTree = "<group>"; };
		35703D531B365F22004FB1DB /* SecondViewController.swift */ = {isa = PBXFileReference; lastKnownFileType = sourcecode.swift; path = SecondViewController.swift; sourceTree = "<group>"; };
		35703D561B365F22004FB1DB /* Base */ = {isa = PBXFileReference; lastKnownFileType = file.storyboard; name = Base; path = Base.lproj/Main.storyboard; sourceTree = "<group>"; };
		35703D581B365F22004FB1DB /* Assets.xcassets */ = {isa = PBXFileReference; lastKnownFileType = folder.assetcatalog; path = Assets.xcassets; sourceTree = "<group>"; };
		35703D5B1B365F22004FB1DB /* Base */ = {isa = PBXFileReference; lastKnownFileType = file.storyboard; name = Base; path = Base.lproj/LaunchScreen.storyboard; sourceTree = "<group>"; };
		35703D5D1B365F22004FB1DB /* Info.plist */ = {isa = PBXFileReference; lastKnownFileType = text.plist.xml; path = Info.plist; sourceTree = "<group>"; };
/* End PBXFileReference section */

/* Begin PBXFrameworksBuildPhase section */
		35703D491B365F22004FB1DB /* Frameworks */ = {
			isa = PBXFrameworksBuildPhase;
			buildActionMask = 2147483647;
			files = (
			);
			runOnlyForDeploymentPostprocessing = 0;
		};
/* End PBXFrameworksBuildPhase section */

/* Begin PBXGroup section */
		35703D431B365F22004FB1DB = {
			isa = PBXGroup;
			children = (
				35703D4E1B365F22004FB1DB /* To Do List */,
				35703D4D1B365F22004FB1DB /* Products */,
			);
			sourceTree = "<group>";
		};
		35703D4D1B365F22004FB1DB /* Products */ = {
			isa = PBXGroup;
			children = (
				35703D4C1B365F22004FB1DB /* To Do List.app */,
			);
			name = Products;
			sourceTree = "<group>";
		};
		35703D4E1B365F22004FB1DB /* To Do List */ = {
			isa = PBXGroup;
			children = (
				35703D4F1B365F22004FB1DB /* AppDelegate.swift */,
				35703D511B365F22004FB1DB /* FirstViewController.swift */,
				35703D531B365F22004FB1DB /* SecondViewController.swift */,
				35703D551B365F22004FB1DB /* Main.storyboard */,
				35703D581B365F22004FB1DB /* Assets.xcassets */,
				35703D5A1B365F22004FB1DB /* LaunchScreen.storyboard */,
				35703D5D1B365F22004FB1DB /* Info.plist */,
			);
			path = "To Do List";
			sourceTree = "<group>";
		};
/* End PBXGroup section */

/* Begin PBXNativeTarget section */
		35703D4B1B365F22004FB1DB /* To Do List */ = {
			isa = PBXNativeTarget;
			buildConfigurationList = 35703D601B365F22004FB1DB /* Build configuration list for PBXNativeTarget "To Do List" */;
			buildPhases = (
				35703D481B365F22004FB1DB /* Sources */,
				35703D491B365F22004FB1DB /* Frameworks */,
				35703D4A1B365F22004FB1DB /* Resources */,
			);
			buildRules = (
			);
			dependencies = (
			);
			name = "To Do List";
			productName = "To Do List";
			productReference = 35703D4C1B365F22004FB1DB /* To Do List.app */;
			productType = "com.apple.product-type.application";
		};
/* End PBXNativeTarget section */

/* Begin PBXProject section */
		35703D441B365F22004FB1DB /* Project object */ = {
			isa = PBXProject;
			attributes = {
				LastUpgradeCheck = 0700;
				ORGANIZATIONNAME = "Siddhant Pagariya";
				TargetAttributes = {
					35703D4B1B365F22004FB1DB = {
						CreatedOnToolsVersion = 7.0;
						DevelopmentTeam = SSV6R6F4FH;
					};
				};
			};
			buildConfigurationList = 35703D471B365F22004FB1DB /* Build configuration list for PBXProject "To Do List" */;
			compatibilityVersion = "Xcode 3.2";
			developmentRegion = English;
			hasScannedForEncodings = 0;
			knownRegions = (
				en,
				Base,
			);
			mainGroup = 35703D431B365F22004FB1DB;
			productRefGroup = 35703D4D1B365F22004FB1DB /* Products */;
			projectDirPath = "";
			projectRoot = "";
			targets = (
				35703D4B1B365F22004FB1DB /* To Do List */,
			);
		};
/* End PBXProject section */

/* Begin PBXResourcesBuildPhase section */
		35703D4A1B365F22004FB1DB /* Resources */ = {
			isa = PBXResourcesBuildPhase;
			buildActionMask = 2147483647;
			files = (
				35703D5C1B365F22004FB1DB /* LaunchScreen.storyboard in Resources */,
				35703D591B365F22004FB1DB /* Assets.xcassets in Resources */,
				35703D571B365F22004FB1DB /* Main.storyboard in Resources */,
			);
			runOnlyForDeploymentPostprocessing = 0;
		};
/* End PBXResourcesBuildPhase section */

/* Begin PBXSourcesBuildPhase section */
		35703D481B365F22004FB1DB /* Sources */ = {
			isa = PBXSourcesBuildPhase;
			buildActionMask = 2147483647;
			files = (
				35703D541B365F22004FB1DB /* SecondViewController.swift in Sources */,
				35703D501B365F22004FB1DB /* AppDelegate.swift in Sources */,
				35703D521B365F22004FB1DB /* FirstViewController.swift in Sources */,
			);
			runOnlyForDeploymentPostprocessing = 0;
		};
/* End PBXSourcesBuildPhase section */

/* Begin PBXVariantGroup section */
		35703D551B365F22004FB1DB /* Main.storyboard */ = {
			isa = PBXVariantGroup;
			children = (
				35703D561B365F22004FB1DB /* Base */,
			);
			name = Main.storyboard;
			sourceTree = "<group>";
		};
		35703D5A1B365F22004FB1DB /* LaunchScreen.storyboard */ = {
			isa = PBXVariantGroup;
			children = (
				35703D5B1B365F22004FB1DB /* Base */,
			);
			name = LaunchScreen.storyboard;
			sourceTree = "<group>";
		};
/* End PBXVariantGroup section */

/* Begin XCBuildConfiguration section */
		35703D5E1B365F22004FB1DB /* Debug */ = {
			isa = XCBuildConfiguration;
			buildSettings = {
				ALWAYS_SEARCH_USER_PATHS = NO;
				CLANG_CXX_LANGUAGE_STANDARD = "gnu++0x";
				CLANG_CXX_LIBRARY = "libc++";
				CLANG_ENABLE_MODULES = YES;
				CLANG_ENABLE_OBJC_ARC = YES;
				CLANG_WARN_BOOL_CONVERSION = YES;
				CLANG_WARN_CONSTANT_CONVERSION = YES;
				CLANG_WARN_DIRECT_OBJC_ISA_USAGE = YES_ERROR;
				CLANG_WARN_EMPTY_BODY = YES;
				CLANG_WARN_ENUM_CONVERSION = YES;
				CLANG_WARN_INT_CONVERSION = YES;
				CLANG_WARN_OBJC_ROOT_CLASS = YES_ERROR;
				CLANG_WARN_UNREACHABLE_CODE = YES;
				CLANG_WARN__DUPLICATE_METHOD_MATCH = YES;
				"CODE_SIGN_IDENTITY[sdk=iphoneos*]" = "iPhone Developer";
				COPY_PHASE_STRIP = NO;
				DEBUG_INFORMATION_FORMAT = dwarf;
				ENABLE_STRICT_OBJC_MSGSEND = YES;
				ENABLE_TESTABILITY = YES;
				GCC_C_LANGUAGE_STANDARD = gnu99;
				GCC_DYNAMIC_NO_PIC = NO;
				GCC_NO_COMMON_BLOCKS = YES;
				GCC_OPTIMIZATION_LEVEL = 0;
				GCC_PREPROCESSOR_DEFINITIONS = (
					"DEBUG=1",
					"$(inherited)",
				);
				GCC_WARN_64_TO_32_BIT_CONVERSION = YES;
				GCC_WARN_ABOUT_RETURN_TYPE = YES_ERROR;
				GCC_WARN_UNDECLARED_SELECTOR = YES;
				GCC_WARN_UNINITIALIZED_AUTOS = YES_AGGRESSIVE;
				GCC_WARN_UNUSED_FUNCTION = YES;
				GCC_WARN_UNUSED_VARIABLE = YES;
				IPHONEOS_DEPLOYMENT_TARGET = 9.0;
				MTL_ENABLE_DEBUG_INFO = YES;
				ONLY_ACTIVE_ARCH = YES;
				SDKROOT = iphoneos;
				SWIFT_OPTIMIZATION_LEVEL = "-Onone";
				TARGETED_DEVICE_FAMILY = "1,2";
			};
			name = Debug;
		};
		35703D5F1B365F22004FB1DB /* Release */ = {
			isa = XCBuildConfiguration;
			buildSettings = {
				ALWAYS_SEARCH_USER_PATHS = NO;
				CLANG_CXX_LANGUAGE_STANDARD = "gnu++0x";
				CLANG_CXX_LIBRARY = "libc++";
				CLANG_ENABLE_MODULES = YES;
				CLANG_ENABLE_OBJC_ARC = YES;
				CLANG_WARN_BOOL_CONVERSION = YES;
				CLANG_WARN_CONSTANT_CONVERSION = YES;
				CLANG_WARN_DIRECT_OBJC_ISA_USAGE = YES_ERROR;
				CLANG_WARN_EMPTY_BODY = YES;
				CLANG_WARN_ENUM_CONVERSION = YES;
				CLANG_WARN_INT_CONVERSION = YES;
				CLANG_WARN_OBJC_ROOT_CLASS = YES_ERROR;
				CLANG_WARN_UNREACHABLE_CODE = YES;
				CLANG_WARN__DUPLICATE_METHOD_MATCH = YES;
				"CODE_SIGN_IDENTITY[sdk=iphoneos*]" = "iPhone Developer";
				COPY_PHASE_STRIP = NO;
				DEBUG_INFORMATION_FORMAT = "dwarf-with-dsym";
				ENABLE_NS_ASSERTIONS = NO;
				ENABLE_STRICT_OBJC_MSGSEND = YES;
				GCC_C_LANGUAGE_STANDARD = gnu99;
				GCC_NO_COMMON_BLOCKS = YES;
				GCC_WARN_64_TO_32_BIT_CONVERSION = YES;
				GCC_WARN_ABOUT_RETURN_TYPE = YES_ERROR;
				GCC_WARN_UNDECLARED_SELECTOR = YES;
				GCC_WARN_UNINITIALIZED_AUTOS = YES_AGGRESSIVE;
				GCC_WARN_UNUSED_FUNCTION = YES;
				GCC_WARN_UNUSED_VARIABLE = YES;
				IPHONEOS_DEPLOYMENT_TARGET = 9.0;
				MTL_ENABLE_DEBUG_INFO = NO;
				SDKROOT = iphoneos;
				TARGETED_DEVICE_FAMILY = "1,2";
				VALIDATE_PRODUCT = YES;
			};
			name = Release;
		};
		35703D611B365F22004FB1DB /* Debug */ = {
			isa = XCBuildConfiguration;
			buildSettings = {
				ASSETCATALOG_COMPILER_APPICON_NAME = AppIcon;
				CODE_SIGN_IDENTITY = "iPhone Developer";
				"CODE_SIGN_IDENTITY[sdk=iphoneos*]" = "iPhone Developer";
				INFOPLIST_FILE = "To Do List/Info.plist";
				IPHONEOS_DEPLOYMENT_TARGET = 8.0;
				LD_RUNPATH_SEARCH_PATHS = "$(inherited) @executable_path/Frameworks";
				PRODUCT_BUNDLE_IDENTIFIER = "com.sid.To-Do-List";
				PRODUCT_NAME = "$(TARGET_NAME)";
				PROVISIONING_PROFILE = "";
			};
			name = Debug;
		};
		35703D621B365F22004FB1DB /* Release */ = {
			isa = XCBuildConfiguration;
			buildSettings = {
				ASSETCATALOG_COMPILER_APPICON_NAME = AppIcon;
				CODE_SIGN_IDENTITY = "iPhone Developer";
				"CODE_SIGN_IDENTITY[sdk=iphoneos*]" = "iPhone Developer";
				INFOPLIST_FILE = "To Do List/Info.plist";
				IPHONEOS_DEPLOYMENT_TARGET = 8.0;
				LD_RUNPATH_SEARCH_PATHS = "$(inherited) @executable_path/Frameworks";
				PRODUCT_BUNDLE_IDENTIFIER = "com.sid.To-Do-List";
				PRODUCT_NAME = "$(TARGET_NAME)";
				PROVISIONING_PROFILE = "";
			};
			name = Release;
		};
/* End XCBuildConfiguration section */

/* Begin XCConfigurationList section */
		35703D471B365F22004FB1DB /* Build configuration list for PBXProject "To Do List" */ = {
			isa = XCConfigurationList;
			buildConfigurations = (
				35703D5E1B365F22004FB1DB /* Debug */,
				35703D5F1B365F22004FB1DB /* Release */,
			);
			defaultConfigurationIsVisible = 0;
			defaultConfigurationName = Release;
		};
		35703D601B365F22004FB1DB /* Build configuration list for PBXNativeTarget "To Do List" */ = {
			isa = XCConfigurationList;
			buildConfigurations = (
				35703D611B365F22004FB1DB /* Debug */,
				35703D621B365F22004FB1DB /* Release */,
			);
			defaultConfigurationIsVisible = 0;
		};
/* End XCConfigurationList section */
	};
	rootObject = 35703D441B365F22004FB1DB /* Project object */;
}
