<?xml version="1.0" encoding="UTF-8"?>
<!DOCTYPE plist PUBLIC "-//Apple//DTD PLIST 1.0//EN" "http://www.apple.com/DTDs/PropertyList-1.0.dtd">
<plist version="1.0">
<dict>
	<key>archiveVersion</key>
	<string>1</string>
	<key>classes</key>
	<dict/>
	<key>objectVersion</key>
	<string>46</string>
	<key>objects</key>
	<dict>
		<key>1326E75350DD21EC442FB373</key>
		<dict>
			<key>includeInIndex</key>
			<string>1</string>
			<key>isa</key>
			<string>PBXFileReference</string>
			<key>lastKnownFileType</key>
			<string>text.xcconfig</string>
			<key>name</key>
			<string>Pods.release.xcconfig</string>
			<key>path</key>
			<string>Pods/Target Support Files/Pods/Pods.release.xcconfig</string>
			<key>sourceTree</key>
			<string>&lt;group&gt;</string>
		</dict>
		<key>352687031B3605B800A0E3DE</key>
		<dict>
			<key>fileEncoding</key>
			<string>4</string>
			<key>isa</key>
			<string>PBXFileReference</string>
			<key>lastKnownFileType</key>
			<string>sourcecode.swift</string>
			<key>path</key>
			<string>HomeViewController.swift</string>
			<key>sourceTree</key>
			<string>&lt;group&gt;</string>
		</dict>
		<key>352687041B3605B800A0E3DE</key>
		<dict>
			<key>fileRef</key>
			<string>352687031B3605B800A0E3DE</string>
			<key>isa</key>
			<string>PBXBuildFile</string>
		</dict>
		<key>354CA85E1B30A0AB00DFE019</key>
		<dict>
			<key>fileEncoding</key>
			<string>4</string>
			<key>isa</key>
			<string>PBXFileReference</string>
			<key>lastKnownFileType</key>
			<string>sourcecode.swift</string>
			<key>path</key>
			<string>ChangeHourViewController.swift</string>
			<key>sourceTree</key>
			<string>&lt;group&gt;</string>
		</dict>
		<key>354CA85F1B30A0AB00DFE019</key>
		<dict>
			<key>fileRef</key>
			<string>354CA85E1B30A0AB00DFE019</string>
			<key>isa</key>
			<string>PBXBuildFile</string>
		</dict>
		<key>355007511B46D51D0098335C</key>
		<dict>
			<key>fileRef</key>
			<string>355007531B46D51D0098335C</string>
			<key>isa</key>
			<string>PBXBuildFile</string>
		</dict>
		<key>355007521B46D51D0098335C</key>
		<dict>
			<key>isa</key>
			<string>PBXFileReference</string>
			<key>lastKnownFileType</key>
			<string>image.pdf</string>
			<key>name</key>
			<string>Base</string>
			<key>path</key>
			<string>Base.lproj/Cal.pdf</string>
			<key>sourceTree</key>
			<string>&lt;group&gt;</string>
		</dict>
		<key>355007531B46D51D0098335C</key>
		<dict>
			<key>children</key>
			<array>
				<string>355007521B46D51D0098335C</string>
			</array>
			<key>isa</key>
			<string>PBXVariantGroup</string>
			<key>name</key>
			<string>Cal.pdf</string>
			<key>sourceTree</key>
			<string>&lt;group&gt;</string>
		</dict>
		<key>355007541B46D5720098335C</key>
		<dict>
			<key>fileEncoding</key>
			<string>4</string>
			<key>isa</key>
			<string>PBXFileReference</string>
			<key>lastKnownFileType</key>
			<string>sourcecode.swift</string>
			<key>path</key>
			<string>MapsTableViewController.swift</string>
			<key>sourceTree</key>
			<string>&lt;group&gt;</string>
		</dict>
		<key>355007551B46D5720098335C</key>
		<dict>
			<key>fileRef</key>
			<string>355007541B46D5720098335C</string>
			<key>isa</key>
			<string>PBXBuildFile</string>
		</dict>
		<key>355007561B46D73B0098335C</key>
		<dict>
			<key>fileEncoding</key>
			<string>4</string>
			<key>isa</key>
			<string>PBXFileReference</string>
			<key>lastKnownFileType</key>
			<string>sourcecode.swift</string>
			<key>path</key>
			<string>MapPDFViewController.swift</string>
			<key>sourceTree</key>
			<string>&lt;group&gt;</string>
		</dict>
		<key>355007571B46D73B0098335C</key>
		<dict>
			<key>fileRef</key>
			<string>355007561B46D73B0098335C</string>
			<key>isa</key>
			<string>PBXBuildFile</string>
		</dict>
		<key>355007581B46DE660098335C</key>
		<dict>
			<key>fileEncoding</key>
			<string>4</string>
			<key>isa</key>
			<string>PBXFileReference</string>
			<key>lastKnownFileType</key>
			<string>sourcecode.swift</string>
			<key>path</key>
			<string>CalendarPDFViewController.swift</string>
			<key>sourceTree</key>
			<string>&lt;group&gt;</string>
		</dict>
		<key>355007591B46DE660098335C</key>
		<dict>
			<key>fileRef</key>
			<string>355007581B46DE660098335C</string>
			<key>isa</key>
			<string>PBXBuildFile</string>
		</dict>
		<key>35537A961B446D8100A9EAC1</key>
		<dict>
			<key>fileEncoding</key>
			<string>4</string>
			<key>isa</key>
			<string>PBXFileReference</string>
			<key>lastKnownFileType</key>
			<string>sourcecode.swift</string>
			<key>path</key>
			<string>TabViewController.swift</string>
			<key>sourceTree</key>
			<string>&lt;group&gt;</string>
		</dict>
		<key>35537A971B446D8100A9EAC1</key>
		<dict>
			<key>fileRef</key>
			<string>35537A961B446D8100A9EAC1</string>
			<key>isa</key>
			<string>PBXBuildFile</string>
		</dict>
		<key>357523D11B31008A00DC98BB</key>
		<dict>
			<key>fileEncoding</key>
			<string>4</string>
			<key>isa</key>
			<string>PBXFileReference</string>
			<key>lastKnownFileType</key>
			<string>sourcecode.swift</string>
			<key>path</key>
			<string>AddAssignmentViewController.swift</string>
			<key>sourceTree</key>
			<string>&lt;group&gt;</string>
		</dict>
		<key>357523D21B31008A00DC98BB</key>
		<dict>
			<key>fileRef</key>
			<string>357523D11B31008A00DC98BB</string>
			<key>isa</key>
			<string>PBXBuildFile</string>
		</dict>
		<key>357523D31B31009A00DC98BB</key>
		<dict>
			<key>fileEncoding</key>
			<string>4</string>
			<key>isa</key>
			<string>PBXFileReference</string>
			<key>lastKnownFileType</key>
			<string>sourcecode.swift</string>
			<key>path</key>
			<string>ChangeAssignmentViewController.swift</string>
			<key>sourceTree</key>
			<string>&lt;group&gt;</string>
		</dict>
		<key>357523D41B31009A00DC98BB</key>
		<dict>
			<key>fileRef</key>
			<string>357523D31B31009A00DC98BB</string>
			<key>isa</key>
			<string>PBXBuildFile</string>
		</dict>
		<key>357774D11B2D234F00E7509A</key>
		<dict>
			<key>children</key>
			<array>
				<string>357774DC1B2D234F00E7509A</string>
				<string>357774F31B2D234F00E7509A</string>
				<string>357774FE1B2D234F00E7509A</string>
				<string>357774DB1B2D234F00E7509A</string>
				<string>51CC3AA0E4C16F77719DA234</string>
				<string>CA26D06FCD0D3F93AE57CC36</string>
			</array>
			<key>isa</key>
			<string>PBXGroup</string>
			<key>sourceTree</key>
			<string>&lt;group&gt;</string>
		</dict>
		<key>357774D21B2D234F00E7509A</key>
		<dict>
			<key>attributes</key>
			<dict>
				<key>LastSwiftMigration</key>
				<string>0710</string>
				<key>LastSwiftUpdateCheck</key>
				<string>0710</string>
				<key>LastUpgradeCheck</key>
				<string>0700</string>
				<key>ORGANIZATIONNAME</key>
				<string>Siddhant Pagariya</string>
				<key>TargetAttributes</key>
				<dict>
					<key>357774D91B2D234F00E7509A</key>
					<dict>
						<key>CreatedOnToolsVersion</key>
						<string>7.0</string>
						<key>DevelopmentTeam</key>
						<string>SSV6R6F4FH</string>
						<key>SystemCapabilities</key>
						<dict>
							<key>com.apple.BackgroundModes</key>
							<dict>
								<key>enabled</key>
								<string>0</string>
							</dict>
							<key>com.apple.InterAppAudio</key>
							<dict>
								<key>enabled</key>
								<string>0</string>
							</dict>
						</dict>
					</dict>
					<key>357774EF1B2D234F00E7509A</key>
					<dict>
						<key>CreatedOnToolsVersion</key>
						<string>7.0</string>
						<key>TestTargetID</key>
						<string>357774D91B2D234F00E7509A</string>
					</dict>
					<key>357774FA1B2D234F00E7509A</key>
					<dict>
						<key>CreatedOnToolsVersion</key>
						<string>7.0</string>
						<key>TestTargetID</key>
						<string>357774D91B2D234F00E7509A</string>
					</dict>
				</dict>
			</dict>
			<key>buildConfigurationList</key>
			<string>357774D51B2D234F00E7509A</string>
			<key>compatibilityVersion</key>
			<string>Xcode 3.2</string>
			<key>developmentRegion</key>
			<string>English</string>
			<key>hasScannedForEncodings</key>
			<string>0</string>
			<key>isa</key>
			<string>PBXProject</string>
			<key>knownRegions</key>
			<array>
				<string>en</string>
				<string>Base</string>
			</array>
			<key>mainGroup</key>
			<string>357774D11B2D234F00E7509A</string>
			<key>productRefGroup</key>
			<string>357774DB1B2D234F00E7509A</string>
			<key>projectDirPath</key>
			<string></string>
			<key>projectReferences</key>
			<array/>
			<key>projectRoot</key>
			<string></string>
			<key>targets</key>
			<array>
				<string>357774D91B2D234F00E7509A</string>
				<string>357774EF1B2D234F00E7509A</string>
				<string>357774FA1B2D234F00E7509A</string>
			</array>
		</dict>
		<key>357774D51B2D234F00E7509A</key>
		<dict>
			<key>buildConfigurations</key>
			<array>
				<string>357775021B2D234F00E7509A</string>
				<string>357775031B2D234F00E7509A</string>
			</array>
			<key>defaultConfigurationIsVisible</key>
			<string>0</string>
			<key>defaultConfigurationName</key>
			<string>Release</string>
			<key>isa</key>
			<string>XCConfigurationList</string>
		</dict>
		<key>357774D61B2D234F00E7509A</key>
		<dict>
			<key>buildActionMask</key>
			<string>2147483647</string>
			<key>files</key>
			<array>
				<string>35E775AD1B2F6D680050953B</string>
				<string>357523D41B31009A00DC98BB</string>
				<string>357775111B2D2BE900E7509A</string>
				<string>358DE8A21B4338D2004C2254</string>
				<string>355007551B46D5720098335C</string>
				<string>358DE8A61B434109004C2254</string>
				<string>35F691921B2F7917001F1567</string>
				<string>3577750F1B2D2AB400E7509A</string>
				<string>35B44C041B328ACE00A10D3C</string>
				<string>355007571B46D73B0098335C</string>
				<string>354CA85F1B30A0AB00DFE019</string>
				<string>357774DE1B2D234F00E7509A</string>
				<string>35A7C7431B9F5192008560EA</string>
				<string>35D5168E1B2D35EF00420384</string>
				<string>35537A971B446D8100A9EAC1</string>
				<string>357523D21B31008A00DC98BB</string>
				<string>35A7C7461B9F5993008560EA</string>
				<string>35B0B63B1B37569300661338</string>
				<string>355007591B46DE660098335C</string>
				<string>35E775AF1B2F6DA80050953B</string>
				<string>352687041B3605B800A0E3DE</string>
			</array>
			<key>isa</key>
			<string>PBXSourcesBuildPhase</string>
			<key>runOnlyForDeploymentPostprocessing</key>
			<string>0</string>
		</dict>
		<key>357774D71B2D234F00E7509A</key>
		<dict>
			<key>buildActionMask</key>
			<string>2147483647</string>
			<key>files</key>
			<array>
				<string>9A00A023A20E3915537B434C</string>
			</array>
			<key>isa</key>
			<string>PBXFrameworksBuildPhase</string>
			<key>runOnlyForDeploymentPostprocessing</key>
			<string>0</string>
		</dict>
		<key>357774D81B2D234F00E7509A</key>
		<dict>
			<key>buildActionMask</key>
			<string>2147483647</string>
			<key>files</key>
			<array>
				<string>357774E51B2D234F00E7509A</string>
				<string>359C06DF1B47216800E769C2</string>
				<string>355007511B46D51D0098335C</string>
				<string>359C06E51B47217100E769C2</string>
				<string>359C06F11B47218500E769C2</string>
				<string>359C06D31B47215500E769C2</string>
				<string>359C06D61B47215900E769C2</string>
				<string>359C06D91B47215D00E769C2</string>
				<string>358D248A1B3E6C5300EC2CD4</string>
				<string>359C06F71B47218E00E769C2</string>
				<string>359C06DC1B47216300E769C2</string>
				<string>359C06E21B47216D00E769C2</string>
				<string>359C06F41B47218900E769C2</string>
				<string>359C06EB1B47217B00E769C2</string>
				<string>359C06EE1B47218000E769C2</string>
				<string>359C06FA1B47219300E769C2</string>
				<string>35AC9B551BD327A700761191</string>
				<string>359C06E81B47217600E769C2</string>
			</array>
			<key>isa</key>
			<string>PBXResourcesBuildPhase</string>
			<key>runOnlyForDeploymentPostprocessing</key>
			<string>0</string>
		</dict>
		<key>357774D91B2D234F00E7509A</key>
		<dict>
			<key>buildConfigurationList</key>
			<string>357775041B2D234F00E7509A</string>
			<key>buildPhases</key>
			<array>
				<string>406B86AFEAB29D6537CC3283</string>
				<string>357774D61B2D234F00E7509A</string>
				<string>357774D71B2D234F00E7509A</string>
				<string>357774D81B2D234F00E7509A</string>
				<string>EB36F535E24C2A3F735472F8</string>
				<string>D38D56047B11C74A4F3FADCB</string>
			</array>
			<key>buildRules</key>
			<array/>
			<key>dependencies</key>
			<array/>
			<key>isa</key>
			<string>PBXNativeTarget</string>
			<key>name</key>
			<string>PPS</string>
			<key>productName</key>
			<string>PPS</string>
			<key>productReference</key>
			<string>357774DA1B2D234F00E7509A</string>
			<key>productType</key>
			<string>com.apple.product-type.application</string>
		</dict>
		<key>357774DA1B2D234F00E7509A</key>
		<dict>
			<key>explicitFileType</key>
			<string>wrapper.application</string>
			<key>includeInIndex</key>
			<string>0</string>
			<key>isa</key>
			<string>PBXFileReference</string>
			<key>path</key>
			<string>PPS.app</string>
			<key>sourceTree</key>
			<string>BUILT_PRODUCTS_DIR</string>
		</dict>
		<key>357774DB1B2D234F00E7509A</key>
		<dict>
			<key>children</key>
			<array>
				<string>357774DA1B2D234F00E7509A</string>
				<string>357774F01B2D234F00E7509A</string>
				<string>357774FB1B2D234F00E7509A</string>
			</array>
			<key>isa</key>
			<string>PBXGroup</string>
			<key>name</key>
			<string>Products</string>
			<key>sourceTree</key>
			<string>&lt;group&gt;</string>
		</dict>
		<key>357774DC1B2D234F00E7509A</key>
		<dict>
			<key>children</key>
			<array>
				<string>35BE41041B9556600001B259</string>
				<string>357774DD1B2D234F00E7509A</string>
				<string>357774E31B2D234F00E7509A</string>
				<string>35AC9B541BD327A700761191</string>
				<string>35537A961B446D8100A9EAC1</string>
				<string>352687031B3605B800A0E3DE</string>
				<string>35E775AC1B2F6D680050953B</string>
				<string>35F691911B2F7917001F1567</string>
				<string>354CA85E1B30A0AB00DFE019</string>
				<string>35E775AE1B2F6DA80050953B</string>
				<string>357523D11B31008A00DC98BB</string>
				<string>357523D31B31009A00DC98BB</string>
				<string>358DE8A51B434109004C2254</string>
				<string>358DE8A11B4338D2004C2254</string>
				<string>35A7C7441B9F51D0008560EA</string>
				<string>35A7C7421B9F5192008560EA</string>
				<string>3577750E1B2D2AB400E7509A</string>
				<string>35A7C7451B9F5993008560EA</string>
				<string>35D5168D1B2D35EF00420384</string>
				<string>357775101B2D2BE900E7509A</string>
				<string>35B44C031B328ACE00A10D3C</string>
				<string>35B0B63A1B37569300661338</string>
				<string>355007541B46D5720098335C</string>
				<string>355007561B46D73B0098335C</string>
				<string>355007581B46DE660098335C</string>
				<string>355007531B46D51D0098335C</string>
				<string>359C06D51B47215500E769C2</string>
				<string>359C06D81B47215900E769C2</string>
				<string>359C06DB1B47215D00E769C2</string>
				<string>359C06DE1B47216300E769C2</string>
				<string>359C06E11B47216800E769C2</string>
				<string>359C06E41B47216D00E769C2</string>
				<string>359C06E71B47217100E769C2</string>
				<string>359C06EA1B47217600E769C2</string>
				<string>359C06ED1B47217B00E769C2</string>
				<string>359C06F01B47218000E769C2</string>
				<string>359C06F31B47218500E769C2</string>
				<string>359C06F61B47218900E769C2</string>
				<string>359C06F91B47218E00E769C2</string>
				<string>359C06FC1B47219300E769C2</string>
				<string>357774EB1B2D234F00E7509A</string>
				<string>358D24891B3E6C5300EC2CD4</string>
			</array>
			<key>isa</key>
			<string>PBXGroup</string>
			<key>path</key>
			<string>PPS</string>
			<key>sourceTree</key>
			<string>&lt;group&gt;</string>
		</dict>
		<key>357774DD1B2D234F00E7509A</key>
		<dict>
			<key>isa</key>
			<string>PBXFileReference</string>
			<key>lastKnownFileType</key>
			<string>sourcecode.swift</string>
			<key>path</key>
			<string>AppDelegate.swift</string>
			<key>sourceTree</key>
			<string>&lt;group&gt;</string>
		</dict>
		<key>357774DE1B2D234F00E7509A</key>
		<dict>
			<key>fileRef</key>
			<string>357774DD1B2D234F00E7509A</string>
			<key>isa</key>
			<string>PBXBuildFile</string>
		</dict>
		<key>357774E31B2D234F00E7509A</key>
		<dict>
			<key>children</key>
			<array>
				<string>357774E41B2D234F00E7509A</string>
			</array>
			<key>isa</key>
			<string>PBXVariantGroup</string>
			<key>name</key>
			<string>Main.storyboard</string>
			<key>sourceTree</key>
			<string>&lt;group&gt;</string>
		</dict>
		<key>357774E41B2D234F00E7509A</key>
		<dict>
			<key>isa</key>
			<string>PBXFileReference</string>
			<key>lastKnownFileType</key>
			<string>file.storyboard</string>
			<key>name</key>
			<string>Base</string>
			<key>path</key>
			<string>Base.lproj/Main.storyboard</string>
			<key>sourceTree</key>
			<string>&lt;group&gt;</string>
		</dict>
		<key>357774E51B2D234F00E7509A</key>
		<dict>
			<key>fileRef</key>
			<string>357774E31B2D234F00E7509A</string>
			<key>isa</key>
			<string>PBXBuildFile</string>
		</dict>
		<key>357774EB1B2D234F00E7509A</key>
		<dict>
			<key>isa</key>
			<string>PBXFileReference</string>
			<key>lastKnownFileType</key>
			<string>text.plist.xml</string>
			<key>path</key>
			<string>Info.plist</string>
			<key>sourceTree</key>
			<string>&lt;group&gt;</string>
		</dict>
		<key>357774EC1B2D234F00E7509A</key>
		<dict>
			<key>buildActionMask</key>
			<string>2147483647</string>
			<key>files</key>
			<array>
				<string>357774F51B2D234F00E7509A</string>
			</array>
			<key>isa</key>
			<string>PBXSourcesBuildPhase</string>
			<key>runOnlyForDeploymentPostprocessing</key>
			<string>0</string>
		</dict>
		<key>357774ED1B2D234F00E7509A</key>
		<dict>
			<key>buildActionMask</key>
			<string>2147483647</string>
			<key>files</key>
			<array/>
			<key>isa</key>
			<string>PBXFrameworksBuildPhase</string>
			<key>runOnlyForDeploymentPostprocessing</key>
			<string>0</string>
		</dict>
		<key>357774EE1B2D234F00E7509A</key>
		<dict>
			<key>buildActionMask</key>
			<string>2147483647</string>
			<key>files</key>
			<array/>
			<key>isa</key>
			<string>PBXResourcesBuildPhase</string>
			<key>runOnlyForDeploymentPostprocessing</key>
			<string>0</string>
		</dict>
		<key>357774EF1B2D234F00E7509A</key>
		<dict>
			<key>buildConfigurationList</key>
			<string>357775071B2D234F00E7509A</string>
			<key>buildPhases</key>
			<array>
				<string>357774EC1B2D234F00E7509A</string>
				<string>357774ED1B2D234F00E7509A</string>
				<string>357774EE1B2D234F00E7509A</string>
			</array>
			<key>buildRules</key>
			<array/>
			<key>dependencies</key>
			<array>
				<string>357774F21B2D234F00E7509A</string>
			</array>
			<key>isa</key>
			<string>PBXNativeTarget</string>
			<key>name</key>
			<string>PPSTests</string>
			<key>productName</key>
			<string>PPSTests</string>
			<key>productReference</key>
			<string>357774F01B2D234F00E7509A</string>
			<key>productType</key>
			<string>com.apple.product-type.bundle.unit-test</string>
		</dict>
		<key>357774F01B2D234F00E7509A</key>
		<dict>
			<key>explicitFileType</key>
			<string>wrapper.cfbundle</string>
			<key>includeInIndex</key>
			<string>0</string>
			<key>isa</key>
			<string>PBXFileReference</string>
			<key>path</key>
			<string>PPSTests.xctest</string>
			<key>sourceTree</key>
			<string>BUILT_PRODUCTS_DIR</string>
		</dict>
		<key>357774F11B2D234F00E7509A</key>
		<dict>
			<key>containerPortal</key>
			<string>357774D21B2D234F00E7509A</string>
			<key>isa</key>
			<string>PBXContainerItemProxy</string>
			<key>proxyType</key>
			<string>1</string>
			<key>remoteGlobalIDString</key>
			<string>357774D91B2D234F00E7509A</string>
			<key>remoteInfo</key>
			<string>PPS</string>
		</dict>
		<key>357774F21B2D234F00E7509A</key>
		<dict>
			<key>isa</key>
			<string>PBXTargetDependency</string>
			<key>target</key>
			<string>357774D91B2D234F00E7509A</string>
			<key>targetProxy</key>
			<string>357774F11B2D234F00E7509A</string>
		</dict>
		<key>357774F31B2D234F00E7509A</key>
		<dict>
			<key>children</key>
			<array>
				<string>357774F41B2D234F00E7509A</string>
				<string>357774F61B2D234F00E7509A</string>
			</array>
			<key>isa</key>
			<string>PBXGroup</string>
			<key>path</key>
			<string>PPSTests</string>
			<key>sourceTree</key>
			<string>&lt;group&gt;</string>
		</dict>
		<key>357774F41B2D234F00E7509A</key>
		<dict>
			<key>isa</key>
			<string>PBXFileReference</string>
			<key>lastKnownFileType</key>
			<string>sourcecode.swift</string>
			<key>path</key>
			<string>PPSTests.swift</string>
			<key>sourceTree</key>
			<string>&lt;group&gt;</string>
		</dict>
		<key>357774F51B2D234F00E7509A</key>
		<dict>
			<key>fileRef</key>
			<string>357774F41B2D234F00E7509A</string>
			<key>isa</key>
			<string>PBXBuildFile</string>
		</dict>
		<key>357774F61B2D234F00E7509A</key>
		<dict>
			<key>isa</key>
			<string>PBXFileReference</string>
			<key>lastKnownFileType</key>
			<string>text.plist.xml</string>
			<key>path</key>
			<string>Info.plist</string>
			<key>sourceTree</key>
			<string>&lt;group&gt;</string>
		</dict>
		<key>357774F71B2D234F00E7509A</key>
		<dict>
			<key>buildActionMask</key>
			<string>2147483647</string>
			<key>files</key>
			<array>
				<string>357775001B2D234F00E7509A</string>
			</array>
			<key>isa</key>
			<string>PBXSourcesBuildPhase</string>
			<key>runOnlyForDeploymentPostprocessing</key>
			<string>0</string>
		</dict>
		<key>357774F81B2D234F00E7509A</key>
		<dict>
			<key>buildActionMask</key>
			<string>2147483647</string>
			<key>files</key>
			<array/>
			<key>isa</key>
			<string>PBXFrameworksBuildPhase</string>
			<key>runOnlyForDeploymentPostprocessing</key>
			<string>0</string>
		</dict>
		<key>357774F91B2D234F00E7509A</key>
		<dict>
			<key>buildActionMask</key>
			<string>2147483647</string>
			<key>files</key>
			<array/>
			<key>isa</key>
			<string>PBXResourcesBuildPhase</string>
			<key>runOnlyForDeploymentPostprocessing</key>
			<string>0</string>
		</dict>
		<key>357774FA1B2D234F00E7509A</key>
		<dict>
			<key>buildConfigurationList</key>
			<string>3577750A1B2D234F00E7509A</string>
			<key>buildPhases</key>
			<array>
				<string>357774F71B2D234F00E7509A</string>
				<string>357774F81B2D234F00E7509A</string>
				<string>357774F91B2D234F00E7509A</string>
			</array>
			<key>buildRules</key>
			<array/>
			<key>dependencies</key>
			<array>
				<string>357774FD1B2D234F00E7509A</string>
			</array>
			<key>isa</key>
			<string>PBXNativeTarget</string>
			<key>name</key>
			<string>PPSUITests</string>
			<key>productName</key>
			<string>PPSUITests</string>
			<key>productReference</key>
			<string>357774FB1B2D234F00E7509A</string>
			<key>productType</key>
			<string>com.apple.product-type.bundle.ui-testing</string>
		</dict>
		<key>357774FB1B2D234F00E7509A</key>
		<dict>
			<key>explicitFileType</key>
			<string>wrapper.cfbundle</string>
			<key>includeInIndex</key>
			<string>0</string>
			<key>isa</key>
			<string>PBXFileReference</string>
			<key>path</key>
			<string>PPSUITests.xctest</string>
			<key>sourceTree</key>
			<string>BUILT_PRODUCTS_DIR</string>
		</dict>
		<key>357774FC1B2D234F00E7509A</key>
		<dict>
			<key>containerPortal</key>
			<string>357774D21B2D234F00E7509A</string>
			<key>isa</key>
			<string>PBXContainerItemProxy</string>
			<key>proxyType</key>
			<string>1</string>
			<key>remoteGlobalIDString</key>
			<string>357774D91B2D234F00E7509A</string>
			<key>remoteInfo</key>
			<string>PPS</string>
		</dict>
		<key>357774FD1B2D234F00E7509A</key>
		<dict>
			<key>isa</key>
			<string>PBXTargetDependency</string>
			<key>target</key>
			<string>357774D91B2D234F00E7509A</string>
			<key>targetProxy</key>
			<string>357774FC1B2D234F00E7509A</string>
		</dict>
		<key>357774FE1B2D234F00E7509A</key>
		<dict>
			<key>children</key>
			<array>
				<string>357774FF1B2D234F00E7509A</string>
				<string>357775011B2D234F00E7509A</string>
			</array>
			<key>isa</key>
			<string>PBXGroup</string>
			<key>path</key>
			<string>PPSUITests</string>
			<key>sourceTree</key>
			<string>&lt;group&gt;</string>
		</dict>
		<key>357774FF1B2D234F00E7509A</key>
		<dict>
			<key>isa</key>
			<string>PBXFileReference</string>
			<key>lastKnownFileType</key>
			<string>sourcecode.swift</string>
			<key>path</key>
			<string>PPSUITests.swift</string>
			<key>sourceTree</key>
			<string>&lt;group&gt;</string>
		</dict>
		<key>357775001B2D234F00E7509A</key>
		<dict>
			<key>fileRef</key>
			<string>357774FF1B2D234F00E7509A</string>
			<key>isa</key>
			<string>PBXBuildFile</string>
		</dict>
		<key>357775011B2D234F00E7509A</key>
		<dict>
			<key>isa</key>
			<string>PBXFileReference</string>
			<key>lastKnownFileType</key>
			<string>text.plist.xml</string>
			<key>path</key>
			<string>Info.plist</string>
			<key>sourceTree</key>
			<string>&lt;group&gt;</string>
		</dict>
		<key>357775021B2D234F00E7509A</key>
		<dict>
			<key>buildSettings</key>
			<dict>
				<key>ALWAYS_SEARCH_USER_PATHS</key>
				<string>NO</string>
				<key>CLANG_CXX_LANGUAGE_STANDARD</key>
				<string>gnu++0x</string>
				<key>CLANG_CXX_LIBRARY</key>
				<string>libc++</string>
				<key>CLANG_ENABLE_MODULES</key>
				<string>YES</string>
				<key>CLANG_ENABLE_OBJC_ARC</key>
				<string>YES</string>
				<key>CLANG_WARN_BOOL_CONVERSION</key>
				<string>YES</string>
				<key>CLANG_WARN_CONSTANT_CONVERSION</key>
				<string>YES</string>
				<key>CLANG_WARN_DIRECT_OBJC_ISA_USAGE</key>
				<string>YES_ERROR</string>
				<key>CLANG_WARN_EMPTY_BODY</key>
				<string>YES</string>
				<key>CLANG_WARN_ENUM_CONVERSION</key>
				<string>YES</string>
				<key>CLANG_WARN_INT_CONVERSION</key>
				<string>YES</string>
				<key>CLANG_WARN_OBJC_ROOT_CLASS</key>
				<string>YES_ERROR</string>
				<key>CLANG_WARN_UNREACHABLE_CODE</key>
				<string>YES</string>
				<key>CLANG_WARN__DUPLICATE_METHOD_MATCH</key>
				<string>YES</string>
				<key>CODE_SIGN_IDENTITY[sdk=iphoneos*]</key>
				<string>iPhone Developer</string>
				<key>COPY_PHASE_STRIP</key>
				<string>NO</string>
				<key>DEBUG_INFORMATION_FORMAT</key>
				<string>dwarf</string>
				<key>ENABLE_STRICT_OBJC_MSGSEND</key>
				<string>YES</string>
				<key>ENABLE_TESTABILITY</key>
				<string>YES</string>
				<key>GCC_C_LANGUAGE_STANDARD</key>
				<string>gnu99</string>
				<key>GCC_DYNAMIC_NO_PIC</key>
				<string>NO</string>
				<key>GCC_NO_COMMON_BLOCKS</key>
				<string>YES</string>
				<key>GCC_OPTIMIZATION_LEVEL</key>
				<string>0</string>
				<key>GCC_PREPROCESSOR_DEFINITIONS</key>
				<array>
					<string>DEBUG=1</string>
					<string>$(inherited)</string>
				</array>
				<key>GCC_WARN_64_TO_32_BIT_CONVERSION</key>
				<string>YES</string>
				<key>GCC_WARN_ABOUT_RETURN_TYPE</key>
				<string>YES_ERROR</string>
				<key>GCC_WARN_UNDECLARED_SELECTOR</key>
				<string>YES</string>
				<key>GCC_WARN_UNINITIALIZED_AUTOS</key>
				<string>YES_AGGRESSIVE</string>
				<key>GCC_WARN_UNUSED_FUNCTION</key>
				<string>YES</string>
				<key>GCC_WARN_UNUSED_VARIABLE</key>
				<string>YES</string>
				<key>IPHONEOS_DEPLOYMENT_TARGET</key>
				<string>9.0</string>
				<key>MTL_ENABLE_DEBUG_INFO</key>
				<string>YES</string>
				<key>ONLY_ACTIVE_ARCH</key>
				<string>YES</string>
				<key>SDKROOT</key>
				<string>iphoneos</string>
				<key>SWIFT_OPTIMIZATION_LEVEL</key>
				<string>-Onone</string>
				<key>TARGETED_DEVICE_FAMILY</key>
				<string>1,2</string>
			</dict>
			<key>isa</key>
			<string>XCBuildConfiguration</string>
			<key>name</key>
			<string>Debug</string>
		</dict>
		<key>357775031B2D234F00E7509A</key>
		<dict>
			<key>buildSettings</key>
			<dict>
				<key>ALWAYS_SEARCH_USER_PATHS</key>
				<string>NO</string>
				<key>CLANG_CXX_LANGUAGE_STANDARD</key>
				<string>gnu++0x</string>
				<key>CLANG_CXX_LIBRARY</key>
				<string>libc++</string>
				<key>CLANG_ENABLE_MODULES</key>
				<string>YES</string>
				<key>CLANG_ENABLE_OBJC_ARC</key>
				<string>YES</string>
				<key>CLANG_WARN_BOOL_CONVERSION</key>
				<string>YES</string>
				<key>CLANG_WARN_CONSTANT_CONVERSION</key>
				<string>YES</string>
				<key>CLANG_WARN_DIRECT_OBJC_ISA_USAGE</key>
				<string>YES_ERROR</string>
				<key>CLANG_WARN_EMPTY_BODY</key>
				<string>YES</string>
				<key>CLANG_WARN_ENUM_CONVERSION</key>
				<string>YES</string>
				<key>CLANG_WARN_INT_CONVERSION</key>
				<string>YES</string>
				<key>CLANG_WARN_OBJC_ROOT_CLASS</key>
				<string>YES_ERROR</string>
				<key>CLANG_WARN_UNREACHABLE_CODE</key>
				<string>YES</string>
				<key>CLANG_WARN__DUPLICATE_METHOD_MATCH</key>
				<string>YES</string>
				<key>CODE_SIGN_IDENTITY[sdk=iphoneos*]</key>
				<string>iPhone Developer</string>
				<key>COPY_PHASE_STRIP</key>
				<string>NO</string>
				<key>DEBUG_INFORMATION_FORMAT</key>
				<string>dwarf-with-dsym</string>
				<key>ENABLE_NS_ASSERTIONS</key>
				<string>NO</string>
				<key>ENABLE_STRICT_OBJC_MSGSEND</key>
				<string>YES</string>
				<key>GCC_C_LANGUAGE_STANDARD</key>
				<string>gnu99</string>
				<key>GCC_NO_COMMON_BLOCKS</key>
				<string>YES</string>
				<key>GCC_WARN_64_TO_32_BIT_CONVERSION</key>
				<string>YES</string>
				<key>GCC_WARN_ABOUT_RETURN_TYPE</key>
				<string>YES_ERROR</string>
				<key>GCC_WARN_UNDECLARED_SELECTOR</key>
				<string>YES</string>
				<key>GCC_WARN_UNINITIALIZED_AUTOS</key>
				<string>YES_AGGRESSIVE</string>
				<key>GCC_WARN_UNUSED_FUNCTION</key>
				<string>YES</string>
				<key>GCC_WARN_UNUSED_VARIABLE</key>
				<string>YES</string>
				<key>IPHONEOS_DEPLOYMENT_TARGET</key>
				<string>9.0</string>
				<key>MTL_ENABLE_DEBUG_INFO</key>
				<string>NO</string>
				<key>SDKROOT</key>
				<string>iphoneos</string>
				<key>TARGETED_DEVICE_FAMILY</key>
				<string>1,2</string>
				<key>VALIDATE_PRODUCT</key>
				<string>YES</string>
			</dict>
			<key>isa</key>
			<string>XCBuildConfiguration</string>
			<key>name</key>
			<string>Release</string>
		</dict>
		<key>357775041B2D234F00E7509A</key>
		<dict>
			<key>buildConfigurations</key>
			<array>
				<string>357775051B2D234F00E7509A</string>
				<string>357775061B2D234F00E7509A</string>
			</array>
			<key>defaultConfigurationIsVisible</key>
			<string>0</string>
			<key>defaultConfigurationName</key>
			<string>Release</string>
			<key>isa</key>
			<string>XCConfigurationList</string>
		</dict>
		<key>357775051B2D234F00E7509A</key>
		<dict>
			<key>baseConfigurationReference</key>
			<string>DC69BE865D20614169BFE799</string>
			<key>buildSettings</key>
			<dict>
				<key>ASSETCATALOG_COMPILER_APPICON_NAME</key>
				<string>AppIcon</string>
				<key>ASSETCATALOG_COMPILER_LAUNCHIMAGE_NAME</key>
				<string>LaunchImage</string>
				<key>CODE_SIGN_IDENTITY</key>
				<string>iPhone Developer</string>
				<key>CODE_SIGN_IDENTITY[sdk=iphoneos*]</key>
				<string>iPhone Developer</string>
				<key>ENABLE_BITCODE</key>
				<string>YES</string>
				<key>INFOPLIST_FILE</key>
				<string>PPS/Info.plist</string>
				<key>IPHONEOS_DEPLOYMENT_TARGET</key>
				<string>8.0</string>
				<key>LD_RUNPATH_SEARCH_PATHS</key>
				<string>$(inherited) @executable_path/Frameworks</string>
				<key>PRODUCT_BUNDLE_IDENTIFIER</key>
				<string>com.sid.PPS</string>
				<key>PRODUCT_NAME</key>
				<string>$(TARGET_NAME)</string>
				<key>PROVISIONING_PROFILE</key>
				<string></string>
			</dict>
			<key>isa</key>
			<string>XCBuildConfiguration</string>
			<key>name</key>
			<string>Debug</string>
		</dict>
		<key>357775061B2D234F00E7509A</key>
		<dict>
			<key>baseConfigurationReference</key>
			<string>1326E75350DD21EC442FB373</string>
			<key>buildSettings</key>
			<dict>
				<key>ASSETCATALOG_COMPILER_APPICON_NAME</key>
				<string>AppIcon</string>
				<key>ASSETCATALOG_COMPILER_LAUNCHIMAGE_NAME</key>
				<string>LaunchImage</string>
				<key>CODE_SIGN_IDENTITY</key>
				<string>iPhone Developer</string>
				<key>CODE_SIGN_IDENTITY[sdk=iphoneos*]</key>
				<string>iPhone Developer</string>
				<key>ENABLE_BITCODE</key>
				<string>YES</string>
				<key>INFOPLIST_FILE</key>
				<string>PPS/Info.plist</string>
				<key>IPHONEOS_DEPLOYMENT_TARGET</key>
				<string>8.0</string>
				<key>LD_RUNPATH_SEARCH_PATHS</key>
				<string>$(inherited) @executable_path/Frameworks</string>
				<key>PRODUCT_BUNDLE_IDENTIFIER</key>
				<string>com.sid.PPS</string>
				<key>PRODUCT_NAME</key>
				<string>$(TARGET_NAME)</string>
				<key>PROVISIONING_PROFILE</key>
				<string></string>
			</dict>
			<key>isa</key>
			<string>XCBuildConfiguration</string>
			<key>name</key>
			<string>Release</string>
		</dict>
		<key>357775071B2D234F00E7509A</key>
		<dict>
			<key>buildConfigurations</key>
			<array>
				<string>357775081B2D234F00E7509A</string>
				<string>357775091B2D234F00E7509A</string>
			</array>
			<key>defaultConfigurationIsVisible</key>
			<string>0</string>
			<key>defaultConfigurationName</key>
			<string>Release</string>
			<key>isa</key>
			<string>XCConfigurationList</string>
		</dict>
		<key>357775081B2D234F00E7509A</key>
		<dict>
			<key>buildSettings</key>
			<dict>
				<key>BUNDLE_LOADER</key>
				<string>$(TEST_HOST)</string>
				<key>INFOPLIST_FILE</key>
				<string>PPSTests/Info.plist</string>
				<key>LD_RUNPATH_SEARCH_PATHS</key>
				<string>$(inherited) @executable_path/Frameworks @loader_path/Frameworks</string>
				<key>PRODUCT_BUNDLE_IDENTIFIER</key>
				<string>com.sid.PPSTests</string>
				<key>PRODUCT_NAME</key>
				<string>$(TARGET_NAME)</string>
				<key>TEST_HOST</key>
				<string>$(BUILT_PRODUCTS_DIR)/PPS.app/PPS</string>
			</dict>
			<key>isa</key>
			<string>XCBuildConfiguration</string>
			<key>name</key>
			<string>Debug</string>
		</dict>
		<key>357775091B2D234F00E7509A</key>
		<dict>
			<key>buildSettings</key>
			<dict>
				<key>BUNDLE_LOADER</key>
				<string>$(TEST_HOST)</string>
				<key>INFOPLIST_FILE</key>
				<string>PPSTests/Info.plist</string>
				<key>LD_RUNPATH_SEARCH_PATHS</key>
				<string>$(inherited) @executable_path/Frameworks @loader_path/Frameworks</string>
				<key>PRODUCT_BUNDLE_IDENTIFIER</key>
				<string>com.sid.PPSTests</string>
				<key>PRODUCT_NAME</key>
				<string>$(TARGET_NAME)</string>
				<key>TEST_HOST</key>
				<string>$(BUILT_PRODUCTS_DIR)/PPS.app/PPS</string>
			</dict>
			<key>isa</key>
			<string>XCBuildConfiguration</string>
			<key>name</key>
			<string>Release</string>
		</dict>
		<key>3577750A1B2D234F00E7509A</key>
		<dict>
			<key>buildConfigurations</key>
			<array>
				<string>3577750B1B2D234F00E7509A</string>
				<string>3577750C1B2D234F00E7509A</string>
			</array>
			<key>defaultConfigurationIsVisible</key>
			<string>0</string>
			<key>defaultConfigurationName</key>
			<string>Release</string>
			<key>isa</key>
			<string>XCConfigurationList</string>
		</dict>
		<key>3577750B1B2D234F00E7509A</key>
		<dict>
			<key>buildSettings</key>
			<dict>
				<key>INFOPLIST_FILE</key>
				<string>PPSUITests/Info.plist</string>
				<key>LD_RUNPATH_SEARCH_PATHS</key>
				<string>$(inherited) @executable_path/Frameworks @loader_path/Frameworks</string>
				<key>PRODUCT_BUNDLE_IDENTIFIER</key>
				<string>com.sid.PPSUITests</string>
				<key>PRODUCT_NAME</key>
				<string>$(TARGET_NAME)</string>
				<key>TEST_TARGET_NAME</key>
				<string>PPS</string>
				<key>USES_XCTRUNNER</key>
				<string>YES</string>
			</dict>
			<key>isa</key>
			<string>XCBuildConfiguration</string>
			<key>name</key>
			<string>Debug</string>
		</dict>
		<key>3577750C1B2D234F00E7509A</key>
		<dict>
			<key>buildSettings</key>
			<dict>
				<key>INFOPLIST_FILE</key>
				<string>PPSUITests/Info.plist</string>
				<key>LD_RUNPATH_SEARCH_PATHS</key>
				<string>$(inherited) @executable_path/Frameworks @loader_path/Frameworks</string>
				<key>PRODUCT_BUNDLE_IDENTIFIER</key>
				<string>com.sid.PPSUITests</string>
				<key>PRODUCT_NAME</key>
				<string>$(TARGET_NAME)</string>
				<key>TEST_TARGET_NAME</key>
				<string>PPS</string>
				<key>USES_XCTRUNNER</key>
				<string>YES</string>
			</dict>
			<key>isa</key>
			<string>XCBuildConfiguration</string>
			<key>name</key>
			<string>Release</string>
		</dict>
		<key>3577750E1B2D2AB400E7509A</key>
		<dict>
			<key>fileEncoding</key>
			<string>4</string>
			<key>isa</key>
			<string>PBXFileReference</string>
			<key>lastKnownFileType</key>
			<string>sourcecode.swift</string>
			<key>path</key>
			<string>WebsiteViewController.swift</string>
			<key>sourceTree</key>
			<string>&lt;group&gt;</string>
		</dict>
		<key>3577750F1B2D2AB400E7509A</key>
		<dict>
			<key>fileRef</key>
			<string>3577750E1B2D2AB400E7509A</string>
			<key>isa</key>
			<string>PBXBuildFile</string>
		</dict>
		<key>357775101B2D2BE900E7509A</key>
		<dict>
			<key>fileEncoding</key>
			<string>4</string>
			<key>isa</key>
			<string>PBXFileReference</string>
			<key>lastKnownFileType</key>
			<string>sourcecode.swift</string>
			<key>path</key>
			<string>AboutViewController.swift</string>
			<key>sourceTree</key>
			<string>&lt;group&gt;</string>
		</dict>
		<key>357775111B2D2BE900E7509A</key>
		<dict>
			<key>fileRef</key>
			<string>357775101B2D2BE900E7509A</string>
			<key>isa</key>
			<string>PBXBuildFile</string>
		</dict>
		<key>358D24891B3E6C5300EC2CD4</key>
		<dict>
			<key>isa</key>
			<string>PBXFileReference</string>
			<key>lastKnownFileType</key>
			<string>folder.assetcatalog</string>
			<key>path</key>
			<string>Images.xcassets</string>
			<key>sourceTree</key>
			<string>&lt;group&gt;</string>
		</dict>
		<key>358D248A1B3E6C5300EC2CD4</key>
		<dict>
			<key>fileRef</key>
			<string>358D24891B3E6C5300EC2CD4</string>
			<key>isa</key>
			<string>PBXBuildFile</string>
		</dict>
		<key>358DE8A11B4338D2004C2254</key>
		<dict>
			<key>fileEncoding</key>
			<string>4</string>
			<key>isa</key>
			<string>PBXFileReference</string>
			<key>lastKnownFileType</key>
			<string>sourcecode.swift</string>
			<key>path</key>
			<string>AddSubjectViewController.swift</string>
			<key>sourceTree</key>
			<string>&lt;group&gt;</string>
		</dict>
		<key>358DE8A21B4338D2004C2254</key>
		<dict>
			<key>fileRef</key>
			<string>358DE8A11B4338D2004C2254</string>
			<key>isa</key>
			<string>PBXBuildFile</string>
		</dict>
		<key>358DE8A51B434109004C2254</key>
		<dict>
			<key>fileEncoding</key>
			<string>4</string>
			<key>isa</key>
			<string>PBXFileReference</string>
			<key>lastKnownFileType</key>
			<string>sourcecode.swift</string>
			<key>path</key>
			<string>SubjectTableViewController.swift</string>
			<key>sourceTree</key>
			<string>&lt;group&gt;</string>
		</dict>
		<key>358DE8A61B434109004C2254</key>
		<dict>
			<key>fileRef</key>
			<string>358DE8A51B434109004C2254</string>
			<key>isa</key>
			<string>PBXBuildFile</string>
		</dict>
		<key>359C06D31B47215500E769C2</key>
		<dict>
			<key>fileRef</key>
			<string>359C06D51B47215500E769C2</string>
			<key>isa</key>
			<string>PBXBuildFile</string>
		</dict>
		<key>359C06D41B47215500E769C2</key>
		<dict>
			<key>isa</key>
			<string>PBXFileReference</string>
			<key>lastKnownFileType</key>
			<string>image.pdf</string>
			<key>name</key>
			<string>Base</string>
			<key>path</key>
			<string>Base.lproj/12th Street Elementary.pdf</string>
			<key>sourceTree</key>
			<string>&lt;group&gt;</string>
		</dict>
		<key>359C06D51B47215500E769C2</key>
		<dict>
			<key>children</key>
			<array>
				<string>359C06D41B47215500E769C2</string>
			</array>
			<key>isa</key>
			<string>PBXVariantGroup</string>
			<key>name</key>
			<string>12th Street Elementary.pdf</string>
			<key>sourceTree</key>
			<string>&lt;group&gt;</string>
		</dict>
		<key>359C06D61B47215900E769C2</key>
		<dict>
			<key>fileRef</key>
			<string>359C06D81B47215900E769C2</string>
			<key>isa</key>
			<string>PBXBuildFile</string>
		</dict>
		<key>359C06D71B47215900E769C2</key>
		<dict>
			<key>isa</key>
			<string>PBXFileReference</string>
			<key>lastKnownFileType</key>
			<string>image.pdf</string>
			<key>name</key>
			<string>Base</string>
			<key>path</key>
			<string>Base.lproj/Amberly Elementary.pdf</string>
			<key>sourceTree</key>
			<string>&lt;group&gt;</string>
		</dict>
		<key>359C06D81B47215900E769C2</key>
		<dict>
			<key>children</key>
			<array>
				<string>359C06D71B47215900E769C2</string>
			</array>
			<key>isa</key>
			<string>PBXVariantGroup</string>
			<key>name</key>
			<string>Amberly Elementary.pdf</string>
			<key>sourceTree</key>
			<string>&lt;group&gt;</string>
		</dict>
		<key>359C06D91B47215D00E769C2</key>
		<dict>
			<key>fileRef</key>
			<string>359C06DB1B47215D00E769C2</string>
			<key>isa</key>
			<string>PBXBuildFile</string>
		</dict>
		<key>359C06DA1B47215D00E769C2</key>
		<dict>
			<key>isa</key>
			<string>PBXFileReference</string>
			<key>lastKnownFileType</key>
			<string>image.pdf</string>
			<key>name</key>
			<string>Base</string>
			<key>path</key>
			<string>Base.lproj/Angling Elementary.pdf</string>
			<key>sourceTree</key>
			<string>&lt;group&gt;</string>
		</dict>
		<key>359C06DB1B47215D00E769C2</key>
		<dict>
			<key>children</key>
			<array>
				<string>359C06DA1B47215D00E769C2</string>
			</array>
			<key>isa</key>
			<string>PBXVariantGroup</string>
			<key>name</key>
			<string>Angling Elementary.pdf</string>
			<key>sourceTree</key>
			<string>&lt;group&gt;</string>
		</dict>
		<key>359C06DC1B47216300E769C2</key>
		<dict>
			<key>fileRef</key>
			<string>359C06DE1B47216300E769C2</string>
			<key>isa</key>
			<string>PBXBuildFile</string>
		</dict>
		<key>359C06DD1B47216300E769C2</key>
		<dict>
			<key>isa</key>
			<string>PBXFileReference</string>
			<key>lastKnownFileType</key>
			<string>image.pdf</string>
			<key>name</key>
			<string>Base</string>
			<key>path</key>
			<string>Base.lproj/Central Elementary.pdf</string>
			<key>sourceTree</key>
			<string>&lt;group&gt;</string>
		</dict>
		<key>359C06DE1B47216300E769C2</key>
		<dict>
			<key>children</key>
			<array>
				<string>359C06DD1B47216300E769C2</string>
			</array>
			<key>isa</key>
			<string>PBXVariantGroup</string>
			<key>name</key>
			<string>Central Elementary.pdf</string>
			<key>sourceTree</key>
			<string>&lt;group&gt;</string>
		</dict>
		<key>359C06DF1B47216800E769C2</key>
		<dict>
			<key>fileRef</key>
			<string>359C06E11B47216800E769C2</string>
			<key>isa</key>
			<string>PBXBuildFile</string>
		</dict>
		<key>359C06E01B47216800E769C2</key>
		<dict>
			<key>isa</key>
			<string>PBXFileReference</string>
			<key>lastKnownFileType</key>
			<string>image.pdf</string>
			<key>name</key>
			<string>Base</string>
			<key>path</key>
			<string>Base.lproj/Central High.pdf</string>
			<key>sourceTree</key>
			<string>&lt;group&gt;</string>
		</dict>
		<key>359C06E11B47216800E769C2</key>
		<dict>
			<key>children</key>
			<array>
				<string>359C06E01B47216800E769C2</string>
			</array>
			<key>isa</key>
			<string>PBXVariantGroup</string>
			<key>name</key>
			<string>Central High.pdf</string>
			<key>sourceTree</key>
			<string>&lt;group&gt;</string>
		</dict>
		<key>359C06E21B47216D00E769C2</key>
		<dict>
			<key>fileRef</key>
			<string>359C06E41B47216D00E769C2</string>
			<key>isa</key>
			<string>PBXBuildFile</string>
		</dict>
		<key>359C06E31B47216D00E769C2</key>
		<dict>
			<key>isa</key>
			<string>PBXFileReference</string>
			<key>lastKnownFileType</key>
			<string>image.pdf</string>
			<key>name</key>
			<string>Base</string>
			<key>path</key>
			<string>Base.lproj/Central Middle.pdf</string>
			<key>sourceTree</key>
			<string>&lt;group&gt;</string>
		</dict>
		<key>359C06E41B47216D00E769C2</key>
		<dict>
			<key>children</key>
			<array>
				<string>359C06E31B47216D00E769C2</string>
			</array>
			<key>isa</key>
			<string>PBXVariantGroup</string>
			<key>name</key>
			<string>Central Middle.pdf</string>
			<key>sourceTree</key>
			<string>&lt;group&gt;</string>
		</dict>
		<key>359C06E51B47217100E769C2</key>
		<dict>
			<key>fileRef</key>
			<string>359C06E71B47217100E769C2</string>
			<key>isa</key>
			<string>PBXBuildFile</string>
		</dict>
		<key>359C06E61B47217100E769C2</key>
		<dict>
			<key>isa</key>
			<string>PBXFileReference</string>
			<key>lastKnownFileType</key>
			<string>image.pdf</string>
			<key>name</key>
			<string>Base</string>
			<key>path</key>
			<string>Base.lproj/Community High.pdf</string>
			<key>sourceTree</key>
			<string>&lt;group&gt;</string>
		</dict>
		<key>359C06E71B47217100E769C2</key>
		<dict>
			<key>children</key>
			<array>
				<string>359C06E61B47217100E769C2</string>
			</array>
			<key>isa</key>
			<string>PBXVariantGroup</string>
			<key>name</key>
			<string>Community High.pdf</string>
			<key>sourceTree</key>
			<string>&lt;group&gt;</string>
		</dict>
		<key>359C06E81B47217600E769C2</key>
		<dict>
			<key>fileRef</key>
			<string>359C06EA1B47217600E769C2</string>
			<key>isa</key>
			<string>PBXBuildFile</string>
		</dict>
		<key>359C06E91B47217600E769C2</key>
		<dict>
			<key>isa</key>
			<string>PBXFileReference</string>
			<key>lastKnownFileType</key>
			<string>image.pdf</string>
			<key>name</key>
			<string>Base</string>
			<key>path</key>
			<string>Base.lproj/Haverhill Elementary.pdf</string>
			<key>sourceTree</key>
			<string>&lt;group&gt;</string>
		</dict>
		<key>359C06EA1B47217600E769C2</key>
		<dict>
			<key>children</key>
			<array>
				<string>359C06E91B47217600E769C2</string>
			</array>
			<key>isa</key>
			<string>PBXVariantGroup</string>
			<key>name</key>
			<string>Haverhill Elementary.pdf</string>
			<key>sourceTree</key>
			<string>&lt;group&gt;</string>
		</dict>
		<key>359C06EB1B47217B00E769C2</key>
		<dict>
			<key>fileRef</key>
			<string>359C06ED1B47217B00E769C2</string>
			<key>isa</key>
			<string>PBXBuildFile</string>
		</dict>
		<key>359C06EC1B47217B00E769C2</key>
		<dict>
			<key>isa</key>
			<string>PBXFileReference</string>
			<key>lastKnownFileType</key>
			<string>image.pdf</string>
			<key>name</key>
			<string>Base</string>
			<key>path</key>
			<string>Base.lproj/Lake Center Elementary.pdf</string>
			<key>sourceTree</key>
			<string>&lt;group&gt;</string>
		</dict>
		<key>359C06ED1B47217B00E769C2</key>
		<dict>
			<key>children</key>
			<array>
				<string>359C06EC1B47217B00E769C2</string>
			</array>
			<key>isa</key>
			<string>PBXVariantGroup</string>
			<key>name</key>
			<string>Lake Center Elementary.pdf</string>
			<key>sourceTree</key>
			<string>&lt;group&gt;</string>
		</dict>
		<key>359C06EE1B47218000E769C2</key>
		<dict>
			<key>fileRef</key>
			<string>359C06F01B47218000E769C2</string>
			<key>isa</key>
			<string>PBXBuildFile</string>
		</dict>
		<key>359C06EF1B47218000E769C2</key>
		<dict>
			<key>isa</key>
			<string>PBXFileReference</string>
			<key>lastKnownFileType</key>
			<string>image.pdf</string>
			<key>name</key>
			<string>Base</string>
			<key>path</key>
			<string>Base.lproj/Moorsbridge Elementary.pdf</string>
			<key>sourceTree</key>
			<string>&lt;group&gt;</string>
		</dict>
		<key>359C06F01B47218000E769C2</key>
		<dict>
			<key>children</key>
			<array>
				<string>359C06EF1B47218000E769C2</string>
			</array>
			<key>isa</key>
			<string>PBXVariantGroup</string>
			<key>name</key>
			<string>Moorsbridge Elementary.pdf</string>
			<key>sourceTree</key>
			<string>&lt;group&gt;</string>
		</dict>
		<key>359C06F11B47218500E769C2</key>
		<dict>
			<key>fileRef</key>
			<string>359C06F31B47218500E769C2</string>
			<key>isa</key>
			<string>PBXBuildFile</string>
		</dict>
		<key>359C06F21B47218500E769C2</key>
		<dict>
			<key>isa</key>
			<string>PBXFileReference</string>
			<key>lastKnownFileType</key>
			<string>image.pdf</string>
			<key>name</key>
			<string>Base</string>
			<key>path</key>
			<string>Base.lproj/North Middle.pdf</string>
			<key>sourceTree</key>
			<string>&lt;group&gt;</string>
		</dict>
		<key>359C06F31B47218500E769C2</key>
		<dict>
			<key>children</key>
			<array>
				<string>359C06F21B47218500E769C2</string>
			</array>
			<key>isa</key>
			<string>PBXVariantGroup</string>
			<key>name</key>
			<string>North Middle.pdf</string>
			<key>sourceTree</key>
			<string>&lt;group&gt;</string>
		</dict>
		<key>359C06F41B47218900E769C2</key>
		<dict>
			<key>fileRef</key>
			<string>359C06F61B47218900E769C2</string>
			<key>isa</key>
			<string>PBXBuildFile</string>
		</dict>
		<key>359C06F51B47218900E769C2</key>
		<dict>
			<key>isa</key>
			<string>PBXFileReference</string>
			<key>lastKnownFileType</key>
			<string>image.pdf</string>
			<key>name</key>
			<string>Base</string>
			<key>path</key>
			<string>Base.lproj/Northern High.pdf</string>
			<key>sourceTree</key>
			<string>&lt;group&gt;</string>
		</dict>
		<key>359C06F61B47218900E769C2</key>
		<dict>
			<key>children</key>
			<array>
				<string>359C06F51B47218900E769C2</string>
			</array>
			<key>isa</key>
			<string>PBXVariantGroup</string>
			<key>name</key>
			<string>Northern High.pdf</string>
			<key>sourceTree</key>
			<string>&lt;group&gt;</string>
		</dict>
		<key>359C06F71B47218E00E769C2</key>
		<dict>
			<key>fileRef</key>
			<string>359C06F91B47218E00E769C2</string>
			<key>isa</key>
			<string>PBXBuildFile</string>
		</dict>
		<key>359C06F81B47218E00E769C2</key>
		<dict>
			<key>isa</key>
			<string>PBXFileReference</string>
			<key>lastKnownFileType</key>
			<string>image.pdf</string>
			<key>name</key>
			<string>Base</string>
			<key>path</key>
			<string>Base.lproj/West Middle.pdf</string>
			<key>sourceTree</key>
			<string>&lt;group&gt;</string>
		</dict>
		<key>359C06F91B47218E00E769C2</key>
		<dict>
			<key>children</key>
			<array>
				<string>359C06F81B47218E00E769C2</string>
			</array>
			<key>isa</key>
			<string>PBXVariantGroup</string>
			<key>name</key>
			<string>West Middle.pdf</string>
			<key>sourceTree</key>
			<string>&lt;group&gt;</string>
		</dict>
		<key>359C06FA1B47219300E769C2</key>
		<dict>
			<key>fileRef</key>
			<string>359C06FC1B47219300E769C2</string>
			<key>isa</key>
			<string>PBXBuildFile</string>
		</dict>
		<key>359C06FB1B47219300E769C2</key>
		<dict>
			<key>isa</key>
			<string>PBXFileReference</string>
			<key>lastKnownFileType</key>
			<string>image.pdf</string>
			<key>name</key>
			<string>Base</string>
			<key>path</key>
			<string>Base.lproj/Woodland Elementary.pdf</string>
			<key>sourceTree</key>
			<string>&lt;group&gt;</string>
		</dict>
		<key>359C06FC1B47219300E769C2</key>
		<dict>
			<key>children</key>
			<array>
				<string>359C06FB1B47219300E769C2</string>
			</array>
			<key>isa</key>
			<string>PBXVariantGroup</string>
			<key>name</key>
			<string>Woodland Elementary.pdf</string>
			<key>sourceTree</key>
			<string>&lt;group&gt;</string>
		</dict>
		<key>35A7C7421B9F5192008560EA</key>
		<dict>
			<key>fileEncoding</key>
			<string>4</string>
			<key>isa</key>
			<string>PBXFileReference</string>
			<key>lastKnownFileType</key>
			<string>sourcecode.swift</string>
			<key>path</key>
			<string>SwiftColorPickerViewController.swift</string>
			<key>sourceTree</key>
			<string>&lt;group&gt;</string>
		</dict>
		<key>35A7C7431B9F5192008560EA</key>
		<dict>
			<key>fileRef</key>
			<string>35A7C7421B9F5192008560EA</string>
			<key>isa</key>
			<string>PBXBuildFile</string>
		</dict>
		<key>35A7C7441B9F51D0008560EA</key>
		<dict>
			<key>isa</key>
			<string>PBXFileReference</string>
			<key>lastKnownFileType</key>
			<string>sourcecode.c.h</string>
			<key>path</key>
			<string>iOS_Swift_ColorPicker.h</string>
			<key>sourceTree</key>
			<string>&lt;group&gt;</string>
		</dict>
		<key>35A7C7451B9F5993008560EA</key>
		<dict>
			<key>fileEncoding</key>
			<string>4</string>
			<key>isa</key>
			<string>PBXFileReference</string>
			<key>lastKnownFileType</key>
			<string>sourcecode.swift</string>
			<key>path</key>
			<string>WebsitePickerViewController.swift</string>
			<key>sourceTree</key>
			<string>&lt;group&gt;</string>
		</dict>
		<key>35A7C7461B9F5993008560EA</key>
		<dict>
			<key>fileRef</key>
			<string>35A7C7451B9F5993008560EA</string>
			<key>isa</key>
			<string>PBXBuildFile</string>
		</dict>
		<key>35AC9B541BD327A700761191</key>
		<dict>
			<key>isa</key>
			<string>PBXFileReference</string>
			<key>lastKnownFileType</key>
			<string>wrapper.plug-in</string>
			<key>path</key>
			<string>Settings.bundle</string>
			<key>sourceTree</key>
			<string>&lt;group&gt;</string>
		</dict>
		<key>35AC9B551BD327A700761191</key>
		<dict>
			<key>fileRef</key>
			<string>35AC9B541BD327A700761191</string>
			<key>isa</key>
			<string>PBXBuildFile</string>
		</dict>
		<key>35B0B63A1B37569300661338</key>
		<dict>
			<key>fileEncoding</key>
			<string>4</string>
			<key>isa</key>
			<string>PBXFileReference</string>
			<key>lastKnownFileType</key>
			<string>sourcecode.swift</string>
			<key>path</key>
			<string>SettingsViewController.swift</string>
			<key>sourceTree</key>
			<string>&lt;group&gt;</string>
		</dict>
		<key>35B0B63B1B37569300661338</key>
		<dict>
			<key>fileRef</key>
			<string>35B0B63A1B37569300661338</string>
			<key>isa</key>
			<string>PBXBuildFile</string>
		</dict>
		<key>35B44C031B328ACE00A10D3C</key>
		<dict>
			<key>fileEncoding</key>
			<string>4</string>
			<key>isa</key>
			<string>PBXFileReference</string>
			<key>lastKnownFileType</key>
			<string>sourcecode.swift</string>
			<key>path</key>
			<string>BellTimingsViewController.swift</string>
			<key>sourceTree</key>
			<string>&lt;group&gt;</string>
		</dict>
		<key>35B44C041B328ACE00A10D3C</key>
		<dict>
			<key>fileRef</key>
			<string>35B44C031B328ACE00A10D3C</string>
			<key>isa</key>
			<string>PBXBuildFile</string>
		</dict>
		<key>35BE41041B9556600001B259</key>
		<dict>
			<key>isa</key>
			<string>PBXFileReference</string>
			<key>lastKnownFileType</key>
			<string>text.xml</string>
			<key>path</key>
			<string>PPS.entitlements</string>
			<key>sourceTree</key>
			<string>&lt;group&gt;</string>
		</dict>
		<key>35D5168D1B2D35EF00420384</key>
		<dict>
			<key>fileEncoding</key>
			<string>4</string>
			<key>isa</key>
			<string>PBXFileReference</string>
			<key>lastKnownFileType</key>
			<string>sourcecode.swift</string>
			<key>path</key>
			<string>GradeViewController.swift</string>
			<key>sourceTree</key>
			<string>&lt;group&gt;</string>
		</dict>
		<key>35D5168E1B2D35EF00420384</key>
		<dict>
			<key>fileRef</key>
			<string>35D5168D1B2D35EF00420384</string>
			<key>isa</key>
			<string>PBXBuildFile</string>
		</dict>
		<key>35E775AC1B2F6D680050953B</key>
		<dict>
			<key>fileEncoding</key>
			<string>4</string>
			<key>isa</key>
			<string>PBXFileReference</string>
			<key>lastKnownFileType</key>
			<string>sourcecode.swift</string>
			<key>path</key>
			<string>ScheduleViewController.swift</string>
			<key>sourceTree</key>
			<string>&lt;group&gt;</string>
		</dict>
		<key>35E775AD1B2F6D680050953B</key>
		<dict>
			<key>fileRef</key>
			<string>35E775AC1B2F6D680050953B</string>
			<key>isa</key>
			<string>PBXBuildFile</string>
		</dict>
		<key>35E775AE1B2F6DA80050953B</key>
		<dict>
			<key>fileEncoding</key>
			<string>4</string>
			<key>isa</key>
			<string>PBXFileReference</string>
			<key>lastKnownFileType</key>
			<string>sourcecode.swift</string>
			<key>path</key>
			<string>AssignmentViewController.swift</string>
			<key>sourceTree</key>
			<string>&lt;group&gt;</string>
		</dict>
		<key>35E775AF1B2F6DA80050953B</key>
		<dict>
			<key>fileRef</key>
			<string>35E775AE1B2F6DA80050953B</string>
			<key>isa</key>
			<string>PBXBuildFile</string>
		</dict>
		<key>35F691911B2F7917001F1567</key>
		<dict>
			<key>fileEncoding</key>
			<string>4</string>
			<key>isa</key>
			<string>PBXFileReference</string>
			<key>lastKnownFileType</key>
			<string>sourcecode.swift</string>
			<key>path</key>
			<string>AddHourViewController.swift</string>
			<key>sourceTree</key>
			<string>&lt;group&gt;</string>
		</dict>
		<key>35F691921B2F7917001F1567</key>
		<dict>
			<key>fileRef</key>
			<string>35F691911B2F7917001F1567</string>
			<key>isa</key>
			<string>PBXBuildFile</string>
		</dict>
		<key>406B86AFEAB29D6537CC3283</key>
		<dict>
			<key>buildActionMask</key>
			<string>2147483647</string>
			<key>files</key>
			<array/>
			<key>inputPaths</key>
			<array/>
			<key>isa</key>
			<string>PBXShellScriptBuildPhase</string>
			<key>name</key>
			<string>Check Pods Manifest.lock</string>
			<key>outputPaths</key>
			<array/>
			<key>runOnlyForDeploymentPostprocessing</key>
			<string>0</string>
			<key>shellPath</key>
			<string>/bin/sh</string>
			<key>shellScript</key>
			<string>diff "${PODS_ROOT}/../Podfile.lock" "${PODS_ROOT}/Manifest.lock" &gt; /dev/null
if [[ $? != 0 ]] ; then
    cat &lt;&lt; EOM
error: The sandbox is not in sync with the Podfile.lock. Run 'pod install' or update your CocoaPods installation.
EOM
    exit 1
fi
</string>
			<key>showEnvVarsInLog</key>
			<string>0</string>
		</dict>
		<key>51CC3AA0E4C16F77719DA234</key>
		<dict>
			<key>children</key>
			<array>
				<string>DC69BE865D20614169BFE799</string>
				<string>1326E75350DD21EC442FB373</string>
			</array>
			<key>isa</key>
			<string>PBXGroup</string>
			<key>name</key>
			<string>Pods</string>
			<key>sourceTree</key>
			<string>&lt;group&gt;</string>
		</dict>
		<key>9A00A023A20E3915537B434C</key>
		<dict>
			<key>fileRef</key>
			<string>D8FF29171D90FF4231266BAD</string>
			<key>isa</key>
			<string>PBXBuildFile</string>
		</dict>
		<key>CA26D06FCD0D3F93AE57CC36</key>
		<dict>
			<key>children</key>
			<array>
				<string>D8FF29171D90FF4231266BAD</string>
			</array>
			<key>isa</key>
			<string>PBXGroup</string>
			<key>name</key>
			<string>Frameworks</string>
			<key>sourceTree</key>
			<string>&lt;group&gt;</string>
		</dict>
		<key>D38D56047B11C74A4F3FADCB</key>
		<dict>
			<key>buildActionMask</key>
			<string>2147483647</string>
			<key>files</key>
			<array/>
			<key>inputPaths</key>
			<array/>
			<key>isa</key>
			<string>PBXShellScriptBuildPhase</string>
			<key>name</key>
			<string>Copy Pods Resources</string>
			<key>outputPaths</key>
			<array/>
			<key>runOnlyForDeploymentPostprocessing</key>
			<string>0</string>
			<key>shellPath</key>
			<string>/bin/sh</string>
			<key>shellScript</key>
			<string>"${SRCROOT}/Pods/Target Support Files/Pods/Pods-resources.sh"
</string>
			<key>showEnvVarsInLog</key>
			<string>0</string>
		</dict>
		<key>D8FF29171D90FF4231266BAD</key>
		<dict>
			<key>explicitFileType</key>
			<string>wrapper.framework</string>
			<key>includeInIndex</key>
			<string>0</string>
			<key>isa</key>
			<string>PBXFileReference</string>
			<key>path</key>
			<string>Pods.framework</string>
			<key>sourceTree</key>
			<string>BUILT_PRODUCTS_DIR</string>
		</dict>
		<key>DC69BE865D20614169BFE799</key>
		<dict>
			<key>includeInIndex</key>
			<string>1</string>
			<key>isa</key>
			<string>PBXFileReference</string>
			<key>lastKnownFileType</key>
			<string>text.xcconfig</string>
			<key>name</key>
			<string>Pods.debug.xcconfig</string>
			<key>path</key>
			<string>Pods/Target Support Files/Pods/Pods.debug.xcconfig</string>
			<key>sourceTree</key>
			<string>&lt;group&gt;</string>
		</dict>
		<key>EB36F535E24C2A3F735472F8</key>
		<dict>
			<key>buildActionMask</key>
			<string>2147483647</string>
			<key>files</key>
			<array/>
			<key>inputPaths</key>
			<array/>
			<key>isa</key>
			<string>PBXShellScriptBuildPhase</string>
			<key>name</key>
			<string>Embed Pods Frameworks</string>
			<key>outputPaths</key>
			<array/>
			<key>runOnlyForDeploymentPostprocessing</key>
			<string>0</string>
			<key>shellPath</key>
			<string>/bin/sh</string>
			<key>shellScript</key>
			<string>"${SRCROOT}/Pods/Target Support Files/Pods/Pods-frameworks.sh"
</string>
			<key>showEnvVarsInLog</key>
			<string>0</string>
		</dict>
	</dict>
	<key>rootObject</key>
	<string>357774D21B2D234F00E7509A</string>
</dict>
</plist>
