// !$*UTF8*$!
{
	archiveVersion = 1;
	classes = {
	};
	objectVersion = 46;
	objects = {

/* Begin PBXBuildFile section */
		357C98BB1B916BCD007A985B /* AppDelegate.swift in Sources */ = {isa = PBXBuildFile; fileRef = 357C98BA1B916BCD007A985B /* AppDelegate.swift */; };
		357C98BD1B916BCD007A985B /* ViewController.swift in Sources */ = {isa = PBXBuildFile; fileRef = 357C98BC1B916BCD007A985B /* ViewController.swift */; };
		357C98C01B916BCD007A985B /* Main.storyboard in Resources */ = {isa = PBXBuildFile; fileRef = 357C98BE1B916BCD007A985B /* Main.storyboard */; };
		357C98C21B916BCD007A985B /* Assets.xcassets in Resources */ = {isa = PBXBuildFile; fileRef = 357C98C11B916BCD007A985B /* Assets.xcassets */; };
		357C98C51B916BCD007A985B /* LaunchScreen.storyboard in Resources */ = {isa = PBXBuildFile; fileRef = 357C98C31B916BCD007A985B /* LaunchScreen.storyboard */; };
/* End PBXBuildFile section */

/* Begin PBXFileReference section */
		357C98B71B916BCD007A985B /* SFSafariViewController.app */ = {isa = PBXFileReference; explicitFileType = wrapper.application; includeInIndex = 0; path = SFSafariViewController.app; sourceTree = BUILT_PRODUCTS_DIR; };
		357C98BA1B916BCD007A985B /* AppDelegate.swift */ = {isa = PBXFileReference; lastKnownFileType = sourcecode.swift; path = AppDelegate.swift; sourceTree = "<group>"; };
		357C98BC1B916BCD007A985B /* ViewController.swift */ = {isa = PBXFileReference; lastKnownFileType = sourcecode.swift; path = ViewController.swift; sourceTree = "<group>"; };
		357C98BF1B916BCD007A985B /* Base */ = {isa = PBXFileReference; lastKnownFileType = file.storyboard; name = Base; path = Base.lproj/Main.storyboard; sourceTree = "<group>"; };
		357C98C11B916BCD007A985B /* Assets.xcassets */ = {isa = PBXFileReference; lastKnownFileType = folder.assetcatalog; path = Assets.xcassets; sourceTree = "<group>"; };
		357C98C41B916BCD007A985B /* Base */ = {isa = PBXFileReference; lastKnownFileType = file.storyboard; name = Base; path = Base.lproj/LaunchScreen.storyboard; sourceTree = "<group>"; };
		357C98C61B916BCD007A985B /* Info.plist */ = {isa = PBXFileReference; lastKnownFileType = text.plist.xml; path = Info.plist; sourceTree = "<group>"; };
/* End PBXFileReference section */

/* Begin PBXFrameworksBuildPhase section */
		357C98B41B916BCD007A985B /* Frameworks */ = {
			isa = PBXFrameworksBuildPhase;
			buildActionMask = 2147483647;
			files = (
			);
			runOnlyForDeploymentPostprocessing = 0;
		};
/* End PBXFrameworksBuildPhase section */

/* Begin PBXGroup section */
		357C98AE1B916BCD007A985B = {
			isa = PBXGroup;
			children = (
				357C98B91B916BCD007A985B /* SFSafariViewController */,
				357C98B81B916BCD007A985B /* Products */,
			);
			sourceTree = "<group>";
		};
		357C98B81B916BCD007A985B /* Products */ = {
			isa = PBXGroup;
			children = (
				357C98B71B916BCD007A985B /* SFSafariViewController.app */,
			);
			name = Products;
			sourceTree = "<group>";
		};
		357C98B91B916BCD007A985B /* SFSafariViewController */ = {
			isa = PBXGroup;
			children = (
				357C98BA1B916BCD007A985B /* AppDelegate.swift */,
				357C98BC1B916BCD007A985B /* ViewController.swift */,
				357C98BE1B916BCD007A985B /* Main.storyboard */,
				357C98C11B916BCD007A985B /* Assets.xcassets */,
				357C98C31B916BCD007A985B /* LaunchScreen.storyboard */,
				357C98C61B916BCD007A985B /* Info.plist */,
			);
			path = SFSafariViewController;
			sourceTree = "<group>";
		};
/* End PBXGroup section */

/* Begin PBXNativeTarget section */
		357C98B61B916BCD007A985B /* SFSafariViewController */ = {
			isa = PBXNativeTarget;
			buildConfigurationList = 357C98C91B916BCD007A985B /* Build configuration list for PBXNativeTarget "SFSafariViewController" */;
			buildPhases = (
				357C98B31B916BCD007A985B /* Sources */,
				357C98B41B916BCD007A985B /* Frameworks */,
				357C98B51B916BCD007A985B /* Resources */,
			);
			buildRules = (
			);
			dependencies = (
			);
			name = SFSafariViewController;
			productName = SFSafariViewController;
			productReference = 357C98B71B916BCD007A985B /* SFSafariViewController.app */;
			productType = "com.apple.product-type.application";
		};
/* End PBXNativeTarget section */

/* Begin PBXProject section */
		357C98AF1B916BCD007A985B /* Project object */ = {
			isa = PBXProject;
			attributes = {
				LastSwiftUpdateCheck = 0710;
				LastUpgradeCheck = 0700;
				ORGANIZATIONNAME = "Siddhant Pagariya";
				TargetAttributes = {
					357C98B61B916BCD007A985B = {
						CreatedOnToolsVersion = 7.0;
						DevelopmentTeam = SSV6R6F4FH;
					};
				};
			};
			buildConfigurationList = 357C98B21B916BCD007A985B /* Build configuration list for PBXProject "SFSafariViewController" */;
			compatibilityVersion = "Xcode 3.2";
			developmentRegion = English;
			hasScannedForEncodings = 0;
			knownRegions = (
				en,
				Base,
			);
			mainGroup = 357C98AE1B916BCD007A985B;
			productRefGroup = 357C98B81B916BCD007A985B /* Products */;
			projectDirPath = "";
			projectRoot = "";
			targets = (
				357C98B61B916BCD007A985B /* SFSafariViewController */,
			);
		};
/* End PBXProject section */

/* Begin PBXResourcesBuildPhase section */
		357C98B51B916BCD007A985B /* Resources */ = {
			isa = PBXResourcesBuildPhase;
			buildActionMask = 2147483647;
			files = (
				357C98C51B916BCD007A985B /* LaunchScreen.storyboard in Resources */,
				357C98C21B916BCD007A985B /* Assets.xcassets in Resources */,
				357C98C01B916BCD007A985B /* Main.storyboard in Resources */,
			);
			runOnlyForDeploymentPostprocessing = 0;
		};
/* End PBXResourcesBuildPhase section */

/* Begin PBXSourcesBuildPhase section */
		357C98B31B916BCD007A985B /* Sources */ = {
			isa = PBXSourcesBuildPhase;
			buildActionMask = 2147483647;
			files = (
				357C98BD1B916BCD007A985B /* ViewController.swift in Sources */,
				357C98BB1B916BCD007A985B /* AppDelegate.swift in Sources */,
			);
			runOnlyForDeploymentPostprocessing = 0;
		};
/* End PBXSourcesBuildPhase section */

/* Begin PBXVariantGroup section */
		357C98BE1B916BCD007A985B /* Main.storyboard */ = {
			isa = PBXVariantGroup;
			children = (
				357C98BF1B916BCD007A985B /* Base */,
			);
			name = Main.storyboard;
			sourceTree = "<group>";
		};
		357C98C31B916BCD007A985B /* LaunchScreen.storyboard */ = {
			isa = PBXVariantGroup;
			children = (
				357C98C41B916BCD007A985B /* Base */,
			);
			name = LaunchScreen.storyboard;
			sourceTree = "<group>";
		};
/* End PBXVariantGroup section */

/* Begin XCBuildConfiguration section */
		357C98C71B916BCD007A985B /* Debug */ = {
			isa = XCBuildConfiguration;
			buildSettings = {
				ALWAYS_SEARCH_USER_PATHS = NO;
				CLANG_CXX_LANGUAGE_STANDARD = "gnu++0x";
				CLANG_CXX_LIBRARY = "libc++";
				CLANG_ENABLE_MODULES = YES;
				CLANG_ENABLE_OBJC_ARC = YES;
				CLANG_WARN_BOOL_CONVERSION = YES;
				CLANG_WARN_CONSTANT_CONVERSION = YES;
				CLANG_WARN_DIRECT_OBJC_ISA_USAGE = YES_ERROR;
				CLANG_WARN_EMPTY_BODY = YES;
				CLANG_WARN_ENUM_CONVERSION = YES;
				CLANG_WARN_INT_CONVERSION = YES;
				CLANG_WARN_OBJC_ROOT_CLASS = YES_ERROR;
				CLANG_WARN_UNREACHABLE_CODE = YES;
				CLANG_WARN__DUPLICATE_METHOD_MATCH = YES;
				"CODE_SIGN_IDENTITY[sdk=iphoneos*]" = "iPhone Developer";
				COPY_PHASE_STRIP = NO;
				DEBUG_INFORMATION_FORMAT = dwarf;
				ENABLE_STRICT_OBJC_MSGSEND = YES;
				ENABLE_TESTABILITY = YES;
				GCC_C_LANGUAGE_STANDARD = gnu99;
				GCC_DYNAMIC_NO_PIC = NO;
				GCC_NO_COMMON_BLOCKS = YES;
				GCC_OPTIMIZATION_LEVEL = 0;
				GCC_PREPROCESSOR_DEFINITIONS = (
					"DEBUG=1",
					"$(inherited)",
				);
				GCC_WARN_64_TO_32_BIT_CONVERSION = YES;
				GCC_WARN_ABOUT_RETURN_TYPE = YES_ERROR;
				GCC_WARN_UNDECLARED_SELECTOR = YES;
				GCC_WARN_UNINITIALIZED_AUTOS = YES_AGGRESSIVE;
				GCC_WARN_UNUSED_FUNCTION = YES;
				GCC_WARN_UNUSED_VARIABLE = YES;
				IPHONEOS_DEPLOYMENT_TARGET = 9.0;
				MTL_ENABLE_DEBUG_INFO = YES;
				ONLY_ACTIVE_ARCH = YES;
				SDKROOT = iphoneos;
				SWIFT_OPTIMIZATION_LEVEL = "-Onone";
				TARGETED_DEVICE_FAMILY = "1,2";
			};
			name = Debug;
		};
		357C98C81B916BCD007A985B /* Release */ = {
			isa = XCBuildConfiguration;
			buildSettings = {
				ALWAYS_SEARCH_USER_PATHS = NO;
				CLANG_CXX_LANGUAGE_STANDARD = "gnu++0x";
				CLANG_CXX_LIBRARY = "libc++";
				CLANG_ENABLE_MODULES = YES;
				CLANG_ENABLE_OBJC_ARC = YES;
				CLANG_WARN_BOOL_CONVERSION = YES;
				CLANG_WARN_CONSTANT_CONVERSION = YES;
				CLANG_WARN_DIRECT_OBJC_ISA_USAGE = YES_ERROR;
				CLANG_WARN_EMPTY_BODY = YES;
				CLANG_WARN_ENUM_CONVERSION = YES;
				CLANG_WARN_INT_CONVERSION = YES;
				CLANG_WARN_OBJC_ROOT_CLASS = YES_ERROR;
				CLANG_WARN_UNREACHABLE_CODE = YES;
				CLANG_WARN__DUPLICATE_METHOD_MATCH = YES;
				"CODE_SIGN_IDENTITY[sdk=iphoneos*]" = "iPhone Developer";
				COPY_PHASE_STRIP = NO;
				DEBUG_INFORMATION_FORMAT = "dwarf-with-dsym";
				ENABLE_NS_ASSERTIONS = NO;
				ENABLE_STRICT_OBJC_MSGSEND = YES;
				GCC_C_LANGUAGE_STANDARD = gnu99;
				GCC_NO_COMMON_BLOCKS = YES;
				GCC_WARN_64_TO_32_BIT_CONVERSION = YES;
				GCC_WARN_ABOUT_RETURN_TYPE = YES_ERROR;
				GCC_WARN_UNDECLARED_SELECTOR = YES;
				GCC_WARN_UNINITIALIZED_AUTOS = YES_AGGRESSIVE;
				GCC_WARN_UNUSED_FUNCTION = YES;
				GCC_WARN_UNUSED_VARIABLE = YES;
				IPHONEOS_DEPLOYMENT_TARGET = 9.0;
				MTL_ENABLE_DEBUG_INFO = NO;
				SDKROOT = iphoneos;
				TARGETED_DEVICE_FAMILY = "1,2";
				VALIDATE_PRODUCT = YES;
			};
			name = Release;
		};
		357C98CA1B916BCD007A985B /* Debug */ = {
			isa = XCBuildConfiguration;
			buildSettings = {
				ASSETCATALOG_COMPILER_APPICON_NAME = AppIcon;
				INFOPLIST_FILE = SFSafariViewController/Info.plist;
				IPHONEOS_DEPLOYMENT_TARGET = 9.0;
				LD_RUNPATH_SEARCH_PATHS = "$(inherited) @executable_path/Frameworks";
				PRODUCT_BUNDLE_IDENTIFIER = com.sid.SFSafariViewController;
				PRODUCT_NAME = "$(TARGET_NAME)";
			};
			name = Debug;
		};
		357C98CB1B916BCD007A985B /* Release */ = {
			isa = XCBuildConfiguration;
			buildSettings = {
				ASSETCATALOG_COMPILER_APPICON_NAME = AppIcon;
				INFOPLIST_FILE = SFSafariViewController/Info.plist;
				IPHONEOS_DEPLOYMENT_TARGET = 9.0;
				LD_RUNPATH_SEARCH_PATHS = "$(inherited) @executable_path/Frameworks";
				PRODUCT_BUNDLE_IDENTIFIER = com.sid.SFSafariViewController;
				PRODUCT_NAME = "$(TARGET_NAME)";
			};
			name = Release;
		};
/* End XCBuildConfiguration section */

/* Begin XCConfigurationList section */
		357C98B21B916BCD007A985B /* Build configuration list for PBXProject "SFSafariViewController" */ = {
			isa = XCConfigurationList;
			buildConfigurations = (
				357C98C71B916BCD007A985B /* Debug */,
				357C98C81B916BCD007A985B /* Release */,
			);
			defaultConfigurationIsVisible = 0;
			defaultConfigurationName = Release;
		};
		357C98C91B916BCD007A985B /* Build configuration list for PBXNativeTarget "SFSafariViewController" */ = {
			isa = XCConfigurationList;
			buildConfigurations = (
				357C98CA1B916BCD007A985B /* Debug */,
				357C98CB1B916BCD007A985B /* Release */,
			);
			defaultConfigurationIsVisible = 0;
			defaultConfigurationName = Release;
		};
/* End XCConfigurationList section */
	};
	rootObject = 357C98AF1B916BCD007A985B /* Project object */;
}
