// !$*UTF8*$!
{
	archiveVersion = 1;
	classes = {
	};
	objectVersion = 46;
	objects = {

/* Begin PBXBuildFile section */
		354802971B92CC3500F8FFB8 /* AppDelegate.swift in Sources */ = {isa = PBXBuildFile; fileRef = 354802961B92CC3500F8FFB8 /* AppDelegate.swift */; };
		354802991B92CC3500F8FFB8 /* ViewController.swift in Sources */ = {isa = PBXBuildFile; fileRef = 354802981B92CC3500F8FFB8 /* ViewController.swift */; };
		3548029C1B92CC3500F8FFB8 /* Main.storyboard in Resources */ = {isa = PBXBuildFile; fileRef = 3548029A1B92CC3500F8FFB8 /* Main.storyboard */; };
		354802A11B92CC3500F8FFB8 /* LaunchScreen.storyboard in Resources */ = {isa = PBXBuildFile; fileRef = 3548029F1B92CC3500F8FFB8 /* LaunchScreen.storyboard */; };
		354802A91B92E8FE00F8FFB8 /* Images.xcassets in Resources */ = {isa = PBXBuildFile; fileRef = 354802A81B92E8FE00F8FFB8 /* Images.xcassets */; };
/* End PBXBuildFile section */

/* Begin PBXFileReference section */
		354802931B92CC3500F8FFB8 /* Segment Animations.app */ = {isa = PBXFileReference; explicitFileType = wrapper.application; includeInIndex = 0; path = "Segment Animations.app"; sourceTree = BUILT_PRODUCTS_DIR; };
		354802961B92CC3500F8FFB8 /* AppDelegate.swift */ = {isa = PBXFileReference; lastKnownFileType = sourcecode.swift; path = AppDelegate.swift; sourceTree = "<group>"; };
		354802981B92CC3500F8FFB8 /* ViewController.swift */ = {isa = PBXFileReference; lastKnownFileType = sourcecode.swift; path = ViewController.swift; sourceTree = "<group>"; };
		3548029B1B92CC3500F8FFB8 /* Base */ = {isa = PBXFileReference; lastKnownFileType = file.storyboard; name = Base; path = Base.lproj/Main.storyboard; sourceTree = "<group>"; };
		354802A01B92CC3500F8FFB8 /* Base */ = {isa = PBXFileReference; lastKnownFileType = file.storyboard; name = Base; path = Base.lproj/LaunchScreen.storyboard; sourceTree = "<group>"; };
		354802A21B92CC3500F8FFB8 /* Info.plist */ = {isa = PBXFileReference; lastKnownFileType = text.plist.xml; path = Info.plist; sourceTree = "<group>"; };
		354802A81B92E8FE00F8FFB8 /* Images.xcassets */ = {isa = PBXFileReference; lastKnownFileType = folder.assetcatalog; path = Images.xcassets; sourceTree = "<group>"; };
/* End PBXFileReference section */

/* Begin PBXFrameworksBuildPhase section */
		354802901B92CC3500F8FFB8 /* Frameworks */ = {
			isa = PBXFrameworksBuildPhase;
			buildActionMask = 2147483647;
			files = (
			);
			runOnlyForDeploymentPostprocessing = 0;
		};
/* End PBXFrameworksBuildPhase section */

/* Begin PBXGroup section */
		3548028A1B92CC3500F8FFB8 = {
			isa = PBXGroup;
			children = (
				354802951B92CC3500F8FFB8 /* Segment Animations */,
				354802941B92CC3500F8FFB8 /* Products */,
			);
			sourceTree = "<group>";
		};
		354802941B92CC3500F8FFB8 /* Products */ = {
			isa = PBXGroup;
			children = (
				354802931B92CC3500F8FFB8 /* Segment Animations.app */,
			);
			name = Products;
			sourceTree = "<group>";
		};
		354802951B92CC3500F8FFB8 /* Segment Animations */ = {
			isa = PBXGroup;
			children = (
				354802961B92CC3500F8FFB8 /* AppDelegate.swift */,
				354802981B92CC3500F8FFB8 /* ViewController.swift */,
				3548029A1B92CC3500F8FFB8 /* Main.storyboard */,
				3548029F1B92CC3500F8FFB8 /* LaunchScreen.storyboard */,
				354802A21B92CC3500F8FFB8 /* Info.plist */,
				354802A81B92E8FE00F8FFB8 /* Images.xcassets */,
			);
			path = "Segment Animations";
			sourceTree = "<group>";
		};
/* End PBXGroup section */

/* Begin PBXNativeTarget section */
		354802921B92CC3500F8FFB8 /* Segment Animations */ = {
			isa = PBXNativeTarget;
			buildConfigurationList = 354802A51B92CC3500F8FFB8 /* Build configuration list for PBXNativeTarget "Segment Animations" */;
			buildPhases = (
				3548028F1B92CC3500F8FFB8 /* Sources */,
				354802901B92CC3500F8FFB8 /* Frameworks */,
				354802911B92CC3500F8FFB8 /* Resources */,
			);
			buildRules = (
			);
			dependencies = (
			);
			name = "Segment Animations";
			productName = "Segment Animations";
			productReference = 354802931B92CC3500F8FFB8 /* Segment Animations.app */;
			productType = "com.apple.product-type.application";
		};
/* End PBXNativeTarget section */

/* Begin PBXProject section */
		3548028B1B92CC3500F8FFB8 /* Project object */ = {
			isa = PBXProject;
			attributes = {
				LastSwiftUpdateCheck = 0710;
				LastUpgradeCheck = 0700;
				ORGANIZATIONNAME = "Siddhant Pagariya";
				TargetAttributes = {
					354802921B92CC3500F8FFB8 = {
						CreatedOnToolsVersion = 7.0;
						DevelopmentTeam = SSV6R6F4FH;
					};
				};
			};
			buildConfigurationList = 3548028E1B92CC3500F8FFB8 /* Build configuration list for PBXProject "Segment Animations" */;
			compatibilityVersion = "Xcode 3.2";
			developmentRegion = English;
			hasScannedForEncodings = 0;
			knownRegions = (
				en,
				Base,
			);
			mainGroup = 3548028A1B92CC3500F8FFB8;
			productRefGroup = 354802941B92CC3500F8FFB8 /* Products */;
			projectDirPath = "";
			projectRoot = "";
			targets = (
				354802921B92CC3500F8FFB8 /* Segment Animations */,
			);
		};
/* End PBXProject section */

/* Begin PBXResourcesBuildPhase section */
		354802911B92CC3500F8FFB8 /* Resources */ = {
			isa = PBXResourcesBuildPhase;
			buildActionMask = 2147483647;
			files = (
				354802A91B92E8FE00F8FFB8 /* Images.xcassets in Resources */,
				354802A11B92CC3500F8FFB8 /* LaunchScreen.storyboard in Resources */,
				3548029C1B92CC3500F8FFB8 /* Main.storyboard in Resources */,
			);
			runOnlyForDeploymentPostprocessing = 0;
		};
/* End PBXResourcesBuildPhase section */

/* Begin PBXSourcesBuildPhase section */
		3548028F1B92CC3500F8FFB8 /* Sources */ = {
			isa = PBXSourcesBuildPhase;
			buildActionMask = 2147483647;
			files = (
				354802991B92CC3500F8FFB8 /* ViewController.swift in Sources */,
				354802971B92CC3500F8FFB8 /* AppDelegate.swift in Sources */,
			);
			runOnlyForDeploymentPostprocessing = 0;
		};
/* End PBXSourcesBuildPhase section */

/* Begin PBXVariantGroup section */
		3548029A1B92CC3500F8FFB8 /* Main.storyboard */ = {
			isa = PBXVariantGroup;
			children = (
				3548029B1B92CC3500F8FFB8 /* Base */,
			);
			name = Main.storyboard;
			sourceTree = "<group>";
		};
		3548029F1B92CC3500F8FFB8 /* LaunchScreen.storyboard */ = {
			isa = PBXVariantGroup;
			children = (
				354802A01B92CC3500F8FFB8 /* Base */,
			);
			name = LaunchScreen.storyboard;
			sourceTree = "<group>";
		};
/* End PBXVariantGroup section */

/* Begin XCBuildConfiguration section */
		354802A31B92CC3500F8FFB8 /* Debug */ = {
			isa = XCBuildConfiguration;
			buildSettings = {
				ALWAYS_SEARCH_USER_PATHS = NO;
				CLANG_CXX_LANGUAGE_STANDARD = "gnu++0x";
				CLANG_CXX_LIBRARY = "libc++";
				CLANG_ENABLE_MODULES = YES;
				CLANG_ENABLE_OBJC_ARC = YES;
				CLANG_WARN_BOOL_CONVERSION = YES;
				CLANG_WARN_CONSTANT_CONVERSION = YES;
				CLANG_WARN_DIRECT_OBJC_ISA_USAGE = YES_ERROR;
				CLANG_WARN_EMPTY_BODY = YES;
				CLANG_WARN_ENUM_CONVERSION = YES;
				CLANG_WARN_INT_CONVERSION = YES;
				CLANG_WARN_OBJC_ROOT_CLASS = YES_ERROR;
				CLANG_WARN_UNREACHABLE_CODE = YES;
				CLANG_WARN__DUPLICATE_METHOD_MATCH = YES;
				"CODE_SIGN_IDENTITY[sdk=iphoneos*]" = "iPhone Developer";
				COPY_PHASE_STRIP = NO;
				DEBUG_INFORMATION_FORMAT = dwarf;
				ENABLE_STRICT_OBJC_MSGSEND = YES;
				ENABLE_TESTABILITY = YES;
				GCC_C_LANGUAGE_STANDARD = gnu99;
				GCC_DYNAMIC_NO_PIC = NO;
				GCC_NO_COMMON_BLOCKS = YES;
				GCC_OPTIMIZATION_LEVEL = 0;
				GCC_PREPROCESSOR_DEFINITIONS = (
					"DEBUG=1",
					"$(inherited)",
				);
				GCC_WARN_64_TO_32_BIT_CONVERSION = YES;
				GCC_WARN_ABOUT_RETURN_TYPE = YES_ERROR;
				GCC_WARN_UNDECLARED_SELECTOR = YES;
				GCC_WARN_UNINITIALIZED_AUTOS = YES_AGGRESSIVE;
				GCC_WARN_UNUSED_FUNCTION = YES;
				GCC_WARN_UNUSED_VARIABLE = YES;
				IPHONEOS_DEPLOYMENT_TARGET = 9.0;
				MTL_ENABLE_DEBUG_INFO = YES;
				ONLY_ACTIVE_ARCH = YES;
				SDKROOT = iphoneos;
				SWIFT_OPTIMIZATION_LEVEL = "-Onone";
				TARGETED_DEVICE_FAMILY = "1,2";
			};
			name = Debug;
		};
		354802A41B92CC3500F8FFB8 /* Release */ = {
			isa = XCBuildConfiguration;
			buildSettings = {
				ALWAYS_SEARCH_USER_PATHS = NO;
				CLANG_CXX_LANGUAGE_STANDARD = "gnu++0x";
				CLANG_CXX_LIBRARY = "libc++";
				CLANG_ENABLE_MODULES = YES;
				CLANG_ENABLE_OBJC_ARC = YES;
				CLANG_WARN_BOOL_CONVERSION = YES;
				CLANG_WARN_CONSTANT_CONVERSION = YES;
				CLANG_WARN_DIRECT_OBJC_ISA_USAGE = YES_ERROR;
				CLANG_WARN_EMPTY_BODY = YES;
				CLANG_WARN_ENUM_CONVERSION = YES;
				CLANG_WARN_INT_CONVERSION = YES;
				CLANG_WARN_OBJC_ROOT_CLASS = YES_ERROR;
				CLANG_WARN_UNREACHABLE_CODE = YES;
				CLANG_WARN__DUPLICATE_METHOD_MATCH = YES;
				"CODE_SIGN_IDENTITY[sdk=iphoneos*]" = "iPhone Developer";
				COPY_PHASE_STRIP = NO;
				DEBUG_INFORMATION_FORMAT = "dwarf-with-dsym";
				ENABLE_NS_ASSERTIONS = NO;
				ENABLE_STRICT_OBJC_MSGSEND = YES;
				GCC_C_LANGUAGE_STANDARD = gnu99;
				GCC_NO_COMMON_BLOCKS = YES;
				GCC_WARN_64_TO_32_BIT_CONVERSION = YES;
				GCC_WARN_ABOUT_RETURN_TYPE = YES_ERROR;
				GCC_WARN_UNDECLARED_SELECTOR = YES;
				GCC_WARN_UNINITIALIZED_AUTOS = YES_AGGRESSIVE;
				GCC_WARN_UNUSED_FUNCTION = YES;
				GCC_WARN_UNUSED_VARIABLE = YES;
				IPHONEOS_DEPLOYMENT_TARGET = 9.0;
				MTL_ENABLE_DEBUG_INFO = NO;
				SDKROOT = iphoneos;
				TARGETED_DEVICE_FAMILY = "1,2";
				VALIDATE_PRODUCT = YES;
			};
			name = Release;
		};
		354802A61B92CC3500F8FFB8 /* Debug */ = {
			isa = XCBuildConfiguration;
			buildSettings = {
				ASSETCATALOG_COMPILER_APPICON_NAME = AppIcon;
				ASSETCATALOG_COMPILER_LAUNCHIMAGE_NAME = BrandAsset;
				INFOPLIST_FILE = "Segment Animations/Info.plist";
				LD_RUNPATH_SEARCH_PATHS = "$(inherited) @executable_path/Frameworks";
				PRODUCT_BUNDLE_IDENTIFIER = "com.sid.Segment-Animations";
				PRODUCT_NAME = "$(TARGET_NAME)";
			};
			name = Debug;
		};
		354802A71B92CC3500F8FFB8 /* Release */ = {
			isa = XCBuildConfiguration;
			buildSettings = {
				ASSETCATALOG_COMPILER_APPICON_NAME = AppIcon;
				ASSETCATALOG_COMPILER_LAUNCHIMAGE_NAME = BrandAsset;
				INFOPLIST_FILE = "Segment Animations/Info.plist";
				LD_RUNPATH_SEARCH_PATHS = "$(inherited) @executable_path/Frameworks";
				PRODUCT_BUNDLE_IDENTIFIER = "com.sid.Segment-Animations";
				PRODUCT_NAME = "$(TARGET_NAME)";
			};
			name = Release;
		};
/* End XCBuildConfiguration section */

/* Begin XCConfigurationList section */
		3548028E1B92CC3500F8FFB8 /* Build configuration list for PBXProject "Segment Animations" */ = {
			isa = XCConfigurationList;
			buildConfigurations = (
				354802A31B92CC3500F8FFB8 /* Debug */,
				354802A41B92CC3500F8FFB8 /* Release */,
			);
			defaultConfigurationIsVisible = 0;
			defaultConfigurationName = Release;
		};
		354802A51B92CC3500F8FFB8 /* Build configuration list for PBXNativeTarget "Segment Animations" */ = {
			isa = XCConfigurationList;
			buildConfigurations = (
				354802A61B92CC3500F8FFB8 /* Debug */,
				354802A71B92CC3500F8FFB8 /* Release */,
			);
			defaultConfigurationIsVisible = 0;
			defaultConfigurationName = Release;
		};
/* End XCConfigurationList section */
	};
	rootObject = 3548028B1B92CC3500F8FFB8 /* Project object */;
}
